// !$*UTF8*$!
{
	archiveVersion = 1;
	classes = {
	};
	objectVersion = 55;
	objects = {

/* Begin PBXBuildFile section */
		9C0481E2288FEFFD0095247C /* SolvingQuizUseCase.swift in Sources */ = {isa = PBXBuildFile; fileRef = 9C0481E1288FEFFD0095247C /* SolvingQuizUseCase.swift */; };
		9C0481E7288FFCA50095247C /* SolvingQuizViewController.swift in Sources */ = {isa = PBXBuildFile; fileRef = 9C0481E6288FFCA50095247C /* SolvingQuizViewController.swift */; };
		9C0481E9288FFD1B0095247C /* SolvingQuizViewModel.swift in Sources */ = {isa = PBXBuildFile; fileRef = 9C0481E8288FFD1B0095247C /* SolvingQuizViewModel.swift */; };
		9C0481EB28902D1F0095247C /* ProgressView.swift in Sources */ = {isa = PBXBuildFile; fileRef = 9C0481EA28902D1F0095247C /* ProgressView.swift */; };
		9C0481ED28903E8F0095247C /* QuestionsView.swift in Sources */ = {isa = PBXBuildFile; fileRef = 9C0481EC28903E8F0095247C /* QuestionsView.swift */; };
		9C08B8622897C1C8001F56BD /* SolvingQuizModels.swift in Sources */ = {isa = PBXBuildFile; fileRef = 9C08B8612897C1C8001F56BD /* SolvingQuizModels.swift */; };
		9C08B8642897D02C001F56BD /* QuizResultModels.swift in Sources */ = {isa = PBXBuildFile; fileRef = 9C08B8632897D02C001F56BD /* QuizResultModels.swift */; };
		9C08B86828981775001F56BD /* LeaderboardUseCase.swift in Sources */ = {isa = PBXBuildFile; fileRef = 9C08B86728981775001F56BD /* LeaderboardUseCase.swift */; };
		9C08B86B289819BA001F56BD /* LeaderboardViewController.swift in Sources */ = {isa = PBXBuildFile; fileRef = 9C08B86A289819BA001F56BD /* LeaderboardViewController.swift */; };
		9C08B86D289819EB001F56BD /* LeaderboardViewModel.swift in Sources */ = {isa = PBXBuildFile; fileRef = 9C08B86C289819EB001F56BD /* LeaderboardViewModel.swift */; };
		9C08B86F28981AA0001F56BD /* LeaderboardModels.swift in Sources */ = {isa = PBXBuildFile; fileRef = 9C08B86E28981AA0001F56BD /* LeaderboardModels.swift */; };
		9C08B8712898295A001F56BD /* LeaderboardCell.swift in Sources */ = {isa = PBXBuildFile; fileRef = 9C08B8702898295A001F56BD /* LeaderboardCell.swift */; };
		9C0D815228940B3200C6D236 /* QuizResultViewController.swift in Sources */ = {isa = PBXBuildFile; fileRef = 9C0D815128940B3200C6D236 /* QuizResultViewController.swift */; };
		9C0D815428940D2C00C6D236 /* QuizResultViewModel.swift in Sources */ = {isa = PBXBuildFile; fileRef = 9C0D815328940D2C00C6D236 /* QuizResultViewModel.swift */; };
		9C19536B287584750051CEC6 /* AppDelegate.swift in Sources */ = {isa = PBXBuildFile; fileRef = 9C19536A287584750051CEC6 /* AppDelegate.swift */; };
		9C19536F287584750051CEC6 /* LoginViewController.swift in Sources */ = {isa = PBXBuildFile; fileRef = 9C19536E287584750051CEC6 /* LoginViewController.swift */; };
		9C195374287584770051CEC6 /* Assets.xcassets in Resources */ = {isa = PBXBuildFile; fileRef = 9C195373287584770051CEC6 /* Assets.xcassets */; };
		9C195377287584770051CEC6 /* LaunchScreen.storyboard in Resources */ = {isa = PBXBuildFile; fileRef = 9C195375287584770051CEC6 /* LaunchScreen.storyboard */; };
		9C19538E2876CF720051CEC6 /* SnapKit in Frameworks */ = {isa = PBXBuildFile; productRef = 9C19538D2876CF720051CEC6 /* SnapKit */; };
		9C1953942876D3860051CEC6 /* EmailView.swift in Sources */ = {isa = PBXBuildFile; fileRef = 9C1953932876D3860051CEC6 /* EmailView.swift */; };
		9C1953962876D65C0051CEC6 /* PasswordView.swift in Sources */ = {isa = PBXBuildFile; fileRef = 9C1953952876D65C0051CEC6 /* PasswordView.swift */; };
		9C19539A2876DD7D0051CEC6 /* LoginButton.swift in Sources */ = {isa = PBXBuildFile; fileRef = 9C1953992876DD7D0051CEC6 /* LoginButton.swift */; };
		9C19539C2876F1ED0051CEC6 /* GradientView.swift in Sources */ = {isa = PBXBuildFile; fileRef = 9C19539B2876F1ED0051CEC6 /* GradientView.swift */; };
		9C1953A72876FB6A0051CEC6 /* SourceSansPro-Regular.ttf in Resources */ = {isa = PBXBuildFile; fileRef = 9C1953A62876FB430051CEC6 /* SourceSansPro-Regular.ttf */; };
		9C1953A9287716FE0051CEC6 /* ConstructViewsProtocol.swift in Sources */ = {isa = PBXBuildFile; fileRef = 9C1953A8287716FE0051CEC6 /* ConstructViewsProtocol.swift */; };
		9C1953AB287725590051CEC6 /* TextFieldView.swift in Sources */ = {isa = PBXBuildFile; fileRef = 9C1953AA287725590051CEC6 /* TextFieldView.swift */; };
		9C1953AF287826BD0051CEC6 /* LoginViewModel.swift in Sources */ = {isa = PBXBuildFile; fileRef = 9C1953AE287826BD0051CEC6 /* LoginViewModel.swift */; };
		9C1953B12878366A0051CEC6 /* ErrorLabel.swift in Sources */ = {isa = PBXBuildFile; fileRef = 9C1953B02878366A0051CEC6 /* ErrorLabel.swift */; };
		9C1953B3287871CC0051CEC6 /* AppRouter.swift in Sources */ = {isa = PBXBuildFile; fileRef = 9C1953B2287871CC0051CEC6 /* AppRouter.swift */; };
		9C1953B5287871E20051CEC6 /* AppRouterProtocol.swift in Sources */ = {isa = PBXBuildFile; fileRef = 9C1953B4287871E20051CEC6 /* AppRouterProtocol.swift */; };
		9C1C76D128802471006217A9 /* QuizViewController.swift in Sources */ = {isa = PBXBuildFile; fileRef = 9C1C76D028802471006217A9 /* QuizViewController.swift */; };
		9C1C76D328803AA9006217A9 /* UserNetworkClient.swift in Sources */ = {isa = PBXBuildFile; fileRef = 9C1C76D228803AA9006217A9 /* UserNetworkClient.swift */; };
		9C20BAC8287EE642009378FB /* TabBarController.swift in Sources */ = {isa = PBXBuildFile; fileRef = 9C20BAC7287EE642009378FB /* TabBarController.swift */; };
		9C20BAD0287EF1DB009378FB /* UserViewModel.swift in Sources */ = {isa = PBXBuildFile; fileRef = 9C20BACF287EF1DB009378FB /* UserViewModel.swift */; };
		9C20BAD2287EF25D009378FB /* UserUseCase.swift in Sources */ = {isa = PBXBuildFile; fileRef = 9C20BAD1287EF25D009378FB /* UserUseCase.swift */; };
		9C20BAD6287F01AC009378FB /* CustomButton.swift in Sources */ = {isa = PBXBuildFile; fileRef = 9C20BAD5287F01AC009378FB /* CustomButton.swift */; };
		9C20BAD8287F17F2009378FB /* LogOutUseCase.swift in Sources */ = {isa = PBXBuildFile; fileRef = 9C20BAD7287F17F2009378FB /* LogOutUseCase.swift */; };
		9C25C88C288810B5000C4C90 /* QuizRepository.swift in Sources */ = {isa = PBXBuildFile; fileRef = 9C25C88B288810B5000C4C90 /* QuizRepository.swift */; };
		9C25C88E28881111000C4C90 /* QuizNetworkDataSource.swift in Sources */ = {isa = PBXBuildFile; fileRef = 9C25C88D28881111000C4C90 /* QuizNetworkDataSource.swift */; };
		9C25C89428882613000C4C90 /* SDWebImage in Frameworks */ = {isa = PBXBuildFile; productRef = 9C25C89328882613000C4C90 /* SDWebImage */; };
		9C25C8B22888428A000C4C90 /* UserModels.swift in Sources */ = {isa = PBXBuildFile; fileRef = 9C25C8B12888428A000C4C90 /* UserModels.swift */; };
		9C327E50289A7F31003787C0 /* Fonts.swift in Sources */ = {isa = PBXBuildFile; fileRef = 9C327E4F289A7F31003787C0 /* Fonts.swift */; };
		9C327E52289A9D8C003787C0 /* SourceSansPro-SemiBold.ttf in Resources */ = {isa = PBXBuildFile; fileRef = 9C327E51289A9D49003787C0 /* SourceSansPro-SemiBold.ttf */; };
		9C42E0BE28819B1300B2B9FF /* CategorySlider.swift in Sources */ = {isa = PBXBuildFile; fileRef = 9C42E0BD28819B1300B2B9FF /* CategorySlider.swift */; };
		9C42E0C028819E0200B2B9FF /* CategoryCell.swift in Sources */ = {isa = PBXBuildFile; fileRef = 9C42E0BF28819E0200B2B9FF /* CategoryCell.swift */; };
		9C42E0C22881A81D00B2B9FF /* SourceSansPro-Bold.ttf in Resources */ = {isa = PBXBuildFile; fileRef = 9C42E0C12881A74700B2B9FF /* SourceSansPro-Bold.ttf */; };
		9C42E0C42881A9A100B2B9FF /* QuizView.swift in Sources */ = {isa = PBXBuildFile; fileRef = 9C42E0C32881A9A100B2B9FF /* QuizView.swift */; };
		9C42E0C62881AAF300B2B9FF /* QuizCell.swift in Sources */ = {isa = PBXBuildFile; fileRef = 9C42E0C52881AAF300B2B9FF /* QuizCell.swift */; };
		9C42E0C82881B71B00B2B9FF /* DifficultyView.swift in Sources */ = {isa = PBXBuildFile; fileRef = 9C42E0C72881B71B00B2B9FF /* DifficultyView.swift */; };
		9C4807DA2889556B002D097D /* QuizHeader.swift in Sources */ = {isa = PBXBuildFile; fileRef = 9C4807D92889556B002D097D /* QuizHeader.swift */; };
		9C4807DC28899E24002D097D /* UseCaseModels.swift in Sources */ = {isa = PBXBuildFile; fileRef = 9C4807DB28899E24002D097D /* UseCaseModels.swift */; };
		9C4807DE28899E9E002D097D /* RepoModels.swift in Sources */ = {isa = PBXBuildFile; fileRef = 9C4807DD28899E9E002D097D /* RepoModels.swift */; };
		9C4807E028899EF7002D097D /* DataSourceModels.swift in Sources */ = {isa = PBXBuildFile; fileRef = 9C4807DF28899EF7002D097D /* DataSourceModels.swift */; };
		9C4807E22889A088002D097D /* NetworkModels.swift in Sources */ = {isa = PBXBuildFile; fileRef = 9C4807E12889A088002D097D /* NetworkModels.swift */; };
		9C4807E4288A996D002D097D /* ErrorView.swift in Sources */ = {isa = PBXBuildFile; fileRef = 9C4807E3288A996C002D097D /* ErrorView.swift */; };
		9C4807EA288AE033002D097D /* Resolver in Frameworks */ = {isa = PBXBuildFile; productRef = 9C4807E9288AE033002D097D /* Resolver */; };
		9C5024D328912DE300B93FDB /* QuizDetailsViewModel.swift in Sources */ = {isa = PBXBuildFile; fileRef = 9C5024D228912DE300B93FDB /* QuizDetailsViewModel.swift */; };
		9C5024D7289172B200B93FDB /* AnswerView.swift in Sources */ = {isa = PBXBuildFile; fileRef = 9C5024D6289172B200B93FDB /* AnswerView.swift */; };
		9C5F21942886AFF5000C3511 /* Colors.swift in Sources */ = {isa = PBXBuildFile; fileRef = 9C5F21932886AFF5000C3511 /* Colors.swift */; };
		9C7523CA289041EE00E8AAB2 /* QuestionCell.swift in Sources */ = {isa = PBXBuildFile; fileRef = 9C7523C9289041EE00E8AAB2 /* QuestionCell.swift */; };
		9CA94DF9288ECB6B0038315F /* QuizDetailsViewController.swift in Sources */ = {isa = PBXBuildFile; fileRef = 9CA94DF8288ECB6B0038315F /* QuizDetailsViewController.swift */; };
		9CA94DFB288ECCBC0038315F /* DetailsView.swift in Sources */ = {isa = PBXBuildFile; fileRef = 9CA94DFA288ECCBC0038315F /* DetailsView.swift */; };
		9CC33B22287D6848002E9853 /* UserDatabaseDataSource.swift in Sources */ = {isa = PBXBuildFile; fileRef = 9CC33B21287D6848002E9853 /* UserDatabaseDataSource.swift */; };
		9CC33B24287D6889002E9853 /* UserRepository.swift in Sources */ = {isa = PBXBuildFile; fileRef = 9CC33B23287D6889002E9853 /* UserRepository.swift */; };
		9CC33B26287D6E2B002E9853 /* SecureStorage.swift in Sources */ = {isa = PBXBuildFile; fileRef = 9CC33B25287D6E2B002E9853 /* SecureStorage.swift */; };
		9CC33B2B287D77E5002E9853 /* KeychainSwift in Frameworks */ = {isa = PBXBuildFile; productRef = 9CC33B2A287D77E5002E9853 /* KeychainSwift */; };
		9CC33B31287D9F59002E9853 /* CheckNetworkClient.swift in Sources */ = {isa = PBXBuildFile; fileRef = 9CC33B30287D9F59002E9853 /* CheckNetworkClient.swift */; };
		9CC33B33287DA19F002E9853 /* NetworkClient.swift in Sources */ = {isa = PBXBuildFile; fileRef = 9CC33B32287DA19F002E9853 /* NetworkClient.swift */; };
		9CC33B36287DBCB1002E9853 /* UserViewController.swift in Sources */ = {isa = PBXBuildFile; fileRef = 9CC33B35287DBCB1002E9853 /* UserViewController.swift */; };
		9CC4D6D6287C10450061F149 /* LoginNetworkClient.swift in Sources */ = {isa = PBXBuildFile; fileRef = 9CC4D6D5287C10450061F149 /* LoginNetworkClient.swift */; };
		9CC4D6DD287C1C6B0061F149 /* RequestError.swift in Sources */ = {isa = PBXBuildFile; fileRef = 9CC4D6DC287C1C6B0061F149 /* RequestError.swift */; };
		9CC4D6E0287C5A720061F149 /* AppDependencies.swift in Sources */ = {isa = PBXBuildFile; fileRef = 9CC4D6DF287C5A720061F149 /* AppDependencies.swift */; };
		9CC4D6E2287C6AB30061F149 /* UserNetworkDataSource.swift in Sources */ = {isa = PBXBuildFile; fileRef = 9CC4D6E1287C6AB30061F149 /* UserNetworkDataSource.swift */; };
		9CC4D6E4287C6C8C0061F149 /* LoginUseCase.swift in Sources */ = {isa = PBXBuildFile; fileRef = 9CC4D6E3287C6C8C0061F149 /* LoginUseCase.swift */; };
		9CFCC2F42885532A00B01343 /* QuizViewModel.swift in Sources */ = {isa = PBXBuildFile; fileRef = 9CFCC2F32885532A00B01343 /* QuizViewModel.swift */; };
		9CFCC2F82885547600B01343 /* QuizModels.swift in Sources */ = {isa = PBXBuildFile; fileRef = 9CFCC2F72885547600B01343 /* QuizModels.swift */; };
		9CFCC2FE2885871000B01343 /* QuizUseCase.swift in Sources */ = {isa = PBXBuildFile; fileRef = 9CFCC2FD2885871000B01343 /* QuizUseCase.swift */; };
		9CFCC30028858A1E00B01343 /* QuizNetworkClient.swift in Sources */ = {isa = PBXBuildFile; fileRef = 9CFCC2FF28858A1E00B01343 /* QuizNetworkClient.swift */; };
/* End PBXBuildFile section */

/* Begin PBXFileReference section */
		9C0481E1288FEFFD0095247C /* SolvingQuizUseCase.swift */ = {isa = PBXFileReference; lastKnownFileType = sourcecode.swift; path = SolvingQuizUseCase.swift; sourceTree = "<group>"; };
		9C0481E6288FFCA50095247C /* SolvingQuizViewController.swift */ = {isa = PBXFileReference; lastKnownFileType = sourcecode.swift; path = SolvingQuizViewController.swift; sourceTree = "<group>"; };
		9C0481E8288FFD1B0095247C /* SolvingQuizViewModel.swift */ = {isa = PBXFileReference; lastKnownFileType = sourcecode.swift; path = SolvingQuizViewModel.swift; sourceTree = "<group>"; };
		9C0481EA28902D1F0095247C /* ProgressView.swift */ = {isa = PBXFileReference; lastKnownFileType = sourcecode.swift; path = ProgressView.swift; sourceTree = "<group>"; };
		9C0481EC28903E8F0095247C /* QuestionsView.swift */ = {isa = PBXFileReference; lastKnownFileType = sourcecode.swift; path = QuestionsView.swift; sourceTree = "<group>"; };
		9C08B8612897C1C8001F56BD /* SolvingQuizModels.swift */ = {isa = PBXFileReference; lastKnownFileType = sourcecode.swift; path = SolvingQuizModels.swift; sourceTree = "<group>"; };
		9C08B8632897D02C001F56BD /* QuizResultModels.swift */ = {isa = PBXFileReference; lastKnownFileType = sourcecode.swift; path = QuizResultModels.swift; sourceTree = "<group>"; };
		9C08B86728981775001F56BD /* LeaderboardUseCase.swift */ = {isa = PBXFileReference; lastKnownFileType = sourcecode.swift; path = LeaderboardUseCase.swift; sourceTree = "<group>"; };
		9C08B86A289819BA001F56BD /* LeaderboardViewController.swift */ = {isa = PBXFileReference; lastKnownFileType = sourcecode.swift; path = LeaderboardViewController.swift; sourceTree = "<group>"; };
		9C08B86C289819EB001F56BD /* LeaderboardViewModel.swift */ = {isa = PBXFileReference; lastKnownFileType = sourcecode.swift; path = LeaderboardViewModel.swift; sourceTree = "<group>"; };
		9C08B86E28981AA0001F56BD /* LeaderboardModels.swift */ = {isa = PBXFileReference; lastKnownFileType = sourcecode.swift; path = LeaderboardModels.swift; sourceTree = "<group>"; };
		9C08B8702898295A001F56BD /* LeaderboardCell.swift */ = {isa = PBXFileReference; lastKnownFileType = sourcecode.swift; path = LeaderboardCell.swift; sourceTree = "<group>"; };
		9C0D815128940B3200C6D236 /* QuizResultViewController.swift */ = {isa = PBXFileReference; lastKnownFileType = sourcecode.swift; path = QuizResultViewController.swift; sourceTree = "<group>"; };
		9C0D815328940D2C00C6D236 /* QuizResultViewModel.swift */ = {isa = PBXFileReference; lastKnownFileType = sourcecode.swift; path = QuizResultViewModel.swift; sourceTree = "<group>"; };
		9C195367287584750051CEC6 /* QuizApp.app */ = {isa = PBXFileReference; explicitFileType = wrapper.application; includeInIndex = 0; path = QuizApp.app; sourceTree = BUILT_PRODUCTS_DIR; };
		9C19536A287584750051CEC6 /* AppDelegate.swift */ = {isa = PBXFileReference; lastKnownFileType = sourcecode.swift; path = AppDelegate.swift; sourceTree = "<group>"; };
		9C19536E287584750051CEC6 /* LoginViewController.swift */ = {isa = PBXFileReference; lastKnownFileType = sourcecode.swift; path = LoginViewController.swift; sourceTree = "<group>"; };
		9C195373287584770051CEC6 /* Assets.xcassets */ = {isa = PBXFileReference; lastKnownFileType = folder.assetcatalog; path = Assets.xcassets; sourceTree = "<group>"; };
		9C195376287584770051CEC6 /* Base */ = {isa = PBXFileReference; lastKnownFileType = file.storyboard; name = Base; path = Base.lproj/LaunchScreen.storyboard; sourceTree = "<group>"; };
		9C195378287584770051CEC6 /* Info.plist */ = {isa = PBXFileReference; lastKnownFileType = text.plist.xml; path = Info.plist; sourceTree = "<group>"; };
		9C1953932876D3860051CEC6 /* EmailView.swift */ = {isa = PBXFileReference; lastKnownFileType = sourcecode.swift; path = EmailView.swift; sourceTree = "<group>"; };
		9C1953952876D65C0051CEC6 /* PasswordView.swift */ = {isa = PBXFileReference; lastKnownFileType = sourcecode.swift; path = PasswordView.swift; sourceTree = "<group>"; };
		9C1953992876DD7D0051CEC6 /* LoginButton.swift */ = {isa = PBXFileReference; lastKnownFileType = sourcecode.swift; path = LoginButton.swift; sourceTree = "<group>"; };
		9C19539B2876F1ED0051CEC6 /* GradientView.swift */ = {isa = PBXFileReference; lastKnownFileType = sourcecode.swift; path = GradientView.swift; sourceTree = "<group>"; };
		9C1953A62876FB430051CEC6 /* SourceSansPro-Regular.ttf */ = {isa = PBXFileReference; lastKnownFileType = file; path = "SourceSansPro-Regular.ttf"; sourceTree = "<group>"; };
		9C1953A8287716FE0051CEC6 /* ConstructViewsProtocol.swift */ = {isa = PBXFileReference; lastKnownFileType = sourcecode.swift; path = ConstructViewsProtocol.swift; sourceTree = "<group>"; };
		9C1953AA287725590051CEC6 /* TextFieldView.swift */ = {isa = PBXFileReference; lastKnownFileType = sourcecode.swift; path = TextFieldView.swift; sourceTree = "<group>"; };
		9C1953AE287826BD0051CEC6 /* LoginViewModel.swift */ = {isa = PBXFileReference; lastKnownFileType = sourcecode.swift; path = LoginViewModel.swift; sourceTree = "<group>"; };
		9C1953B02878366A0051CEC6 /* ErrorLabel.swift */ = {isa = PBXFileReference; lastKnownFileType = sourcecode.swift; path = ErrorLabel.swift; sourceTree = "<group>"; };
		9C1953B2287871CC0051CEC6 /* AppRouter.swift */ = {isa = PBXFileReference; lastKnownFileType = sourcecode.swift; path = AppRouter.swift; sourceTree = "<group>"; };
		9C1953B4287871E20051CEC6 /* AppRouterProtocol.swift */ = {isa = PBXFileReference; lastKnownFileType = sourcecode.swift; path = AppRouterProtocol.swift; sourceTree = "<group>"; };
		9C1C76D028802471006217A9 /* QuizViewController.swift */ = {isa = PBXFileReference; lastKnownFileType = sourcecode.swift; path = QuizViewController.swift; sourceTree = "<group>"; };
		9C1C76D228803AA9006217A9 /* UserNetworkClient.swift */ = {isa = PBXFileReference; lastKnownFileType = sourcecode.swift; path = UserNetworkClient.swift; sourceTree = "<group>"; };
		9C20BAC7287EE642009378FB /* TabBarController.swift */ = {isa = PBXFileReference; lastKnownFileType = sourcecode.swift; path = TabBarController.swift; sourceTree = "<group>"; };
		9C20BACF287EF1DB009378FB /* UserViewModel.swift */ = {isa = PBXFileReference; lastKnownFileType = sourcecode.swift; path = UserViewModel.swift; sourceTree = "<group>"; };
		9C20BAD1287EF25D009378FB /* UserUseCase.swift */ = {isa = PBXFileReference; lastKnownFileType = sourcecode.swift; path = UserUseCase.swift; sourceTree = "<group>"; };
		9C20BAD5287F01AC009378FB /* CustomButton.swift */ = {isa = PBXFileReference; lastKnownFileType = sourcecode.swift; path = CustomButton.swift; sourceTree = "<group>"; };
		9C20BAD7287F17F2009378FB /* LogOutUseCase.swift */ = {isa = PBXFileReference; lastKnownFileType = sourcecode.swift; path = LogOutUseCase.swift; sourceTree = "<group>"; };
		9C25C88B288810B5000C4C90 /* QuizRepository.swift */ = {isa = PBXFileReference; lastKnownFileType = sourcecode.swift; path = QuizRepository.swift; sourceTree = "<group>"; };
		9C25C88D28881111000C4C90 /* QuizNetworkDataSource.swift */ = {isa = PBXFileReference; lastKnownFileType = sourcecode.swift; path = QuizNetworkDataSource.swift; sourceTree = "<group>"; };
		9C25C8B12888428A000C4C90 /* UserModels.swift */ = {isa = PBXFileReference; lastKnownFileType = sourcecode.swift; path = UserModels.swift; sourceTree = "<group>"; };
		9C327E4F289A7F31003787C0 /* Fonts.swift */ = {isa = PBXFileReference; lastKnownFileType = sourcecode.swift; path = Fonts.swift; sourceTree = "<group>"; };
		9C327E51289A9D49003787C0 /* SourceSansPro-SemiBold.ttf */ = {isa = PBXFileReference; lastKnownFileType = file; path = "SourceSansPro-SemiBold.ttf"; sourceTree = "<group>"; };
		9C42E0BD28819B1300B2B9FF /* CategorySlider.swift */ = {isa = PBXFileReference; lastKnownFileType = sourcecode.swift; path = CategorySlider.swift; sourceTree = "<group>"; };
		9C42E0BF28819E0200B2B9FF /* CategoryCell.swift */ = {isa = PBXFileReference; lastKnownFileType = sourcecode.swift; path = CategoryCell.swift; sourceTree = "<group>"; };
		9C42E0C12881A74700B2B9FF /* SourceSansPro-Bold.ttf */ = {isa = PBXFileReference; lastKnownFileType = file; path = "SourceSansPro-Bold.ttf"; sourceTree = "<group>"; };
		9C42E0C32881A9A100B2B9FF /* QuizView.swift */ = {isa = PBXFileReference; lastKnownFileType = sourcecode.swift; path = QuizView.swift; sourceTree = "<group>"; };
		9C42E0C52881AAF300B2B9FF /* QuizCell.swift */ = {isa = PBXFileReference; lastKnownFileType = sourcecode.swift; path = QuizCell.swift; sourceTree = "<group>"; };
		9C42E0C72881B71B00B2B9FF /* DifficultyView.swift */ = {isa = PBXFileReference; lastKnownFileType = sourcecode.swift; path = DifficultyView.swift; sourceTree = "<group>"; };
		9C4807D92889556B002D097D /* QuizHeader.swift */ = {isa = PBXFileReference; lastKnownFileType = sourcecode.swift; path = QuizHeader.swift; sourceTree = "<group>"; };
		9C4807DB28899E24002D097D /* UseCaseModels.swift */ = {isa = PBXFileReference; lastKnownFileType = sourcecode.swift; path = UseCaseModels.swift; sourceTree = "<group>"; };
		9C4807DD28899E9E002D097D /* RepoModels.swift */ = {isa = PBXFileReference; lastKnownFileType = sourcecode.swift; path = RepoModels.swift; sourceTree = "<group>"; };
		9C4807DF28899EF7002D097D /* DataSourceModels.swift */ = {isa = PBXFileReference; lastKnownFileType = sourcecode.swift; path = DataSourceModels.swift; sourceTree = "<group>"; };
		9C4807E12889A088002D097D /* NetworkModels.swift */ = {isa = PBXFileReference; lastKnownFileType = sourcecode.swift; path = NetworkModels.swift; sourceTree = "<group>"; };
		9C4807E3288A996C002D097D /* ErrorView.swift */ = {isa = PBXFileReference; lastKnownFileType = sourcecode.swift; path = ErrorView.swift; sourceTree = "<group>"; };
		9C5024D228912DE300B93FDB /* QuizDetailsViewModel.swift */ = {isa = PBXFileReference; lastKnownFileType = sourcecode.swift; path = QuizDetailsViewModel.swift; sourceTree = "<group>"; };
		9C5024D6289172B200B93FDB /* AnswerView.swift */ = {isa = PBXFileReference; lastKnownFileType = sourcecode.swift; path = AnswerView.swift; sourceTree = "<group>"; };
		9C5F21932886AFF5000C3511 /* Colors.swift */ = {isa = PBXFileReference; lastKnownFileType = sourcecode.swift; path = Colors.swift; sourceTree = "<group>"; };
		9C7523C9289041EE00E8AAB2 /* QuestionCell.swift */ = {isa = PBXFileReference; lastKnownFileType = sourcecode.swift; path = QuestionCell.swift; sourceTree = "<group>"; };
		9CA94DF8288ECB6B0038315F /* QuizDetailsViewController.swift */ = {isa = PBXFileReference; lastKnownFileType = sourcecode.swift; path = QuizDetailsViewController.swift; sourceTree = "<group>"; };
		9CA94DFA288ECCBC0038315F /* DetailsView.swift */ = {isa = PBXFileReference; lastKnownFileType = sourcecode.swift; path = DetailsView.swift; sourceTree = "<group>"; };
		9CC33B21287D6848002E9853 /* UserDatabaseDataSource.swift */ = {isa = PBXFileReference; lastKnownFileType = sourcecode.swift; path = UserDatabaseDataSource.swift; sourceTree = "<group>"; };
		9CC33B23287D6889002E9853 /* UserRepository.swift */ = {isa = PBXFileReference; lastKnownFileType = sourcecode.swift; path = UserRepository.swift; sourceTree = "<group>"; };
		9CC33B25287D6E2B002E9853 /* SecureStorage.swift */ = {isa = PBXFileReference; lastKnownFileType = sourcecode.swift; path = SecureStorage.swift; sourceTree = "<group>"; };
		9CC33B30287D9F59002E9853 /* CheckNetworkClient.swift */ = {isa = PBXFileReference; lastKnownFileType = sourcecode.swift; path = CheckNetworkClient.swift; sourceTree = "<group>"; };
		9CC33B32287DA19F002E9853 /* NetworkClient.swift */ = {isa = PBXFileReference; lastKnownFileType = sourcecode.swift; path = NetworkClient.swift; sourceTree = "<group>"; };
		9CC33B35287DBCB1002E9853 /* UserViewController.swift */ = {isa = PBXFileReference; lastKnownFileType = sourcecode.swift; path = UserViewController.swift; sourceTree = "<group>"; };
		9CC4D6D5287C10450061F149 /* LoginNetworkClient.swift */ = {isa = PBXFileReference; lastKnownFileType = sourcecode.swift; path = LoginNetworkClient.swift; sourceTree = "<group>"; };
		9CC4D6DC287C1C6B0061F149 /* RequestError.swift */ = {isa = PBXFileReference; lastKnownFileType = sourcecode.swift; path = RequestError.swift; sourceTree = "<group>"; };
		9CC4D6DF287C5A720061F149 /* AppDependencies.swift */ = {isa = PBXFileReference; lastKnownFileType = sourcecode.swift; path = AppDependencies.swift; sourceTree = "<group>"; };
		9CC4D6E1287C6AB30061F149 /* UserNetworkDataSource.swift */ = {isa = PBXFileReference; lastKnownFileType = sourcecode.swift; path = UserNetworkDataSource.swift; sourceTree = "<group>"; };
		9CC4D6E3287C6C8C0061F149 /* LoginUseCase.swift */ = {isa = PBXFileReference; lastKnownFileType = sourcecode.swift; path = LoginUseCase.swift; sourceTree = "<group>"; };
		9CFCC2F32885532A00B01343 /* QuizViewModel.swift */ = {isa = PBXFileReference; lastKnownFileType = sourcecode.swift; path = QuizViewModel.swift; sourceTree = "<group>"; };
		9CFCC2F72885547600B01343 /* QuizModels.swift */ = {isa = PBXFileReference; lastKnownFileType = sourcecode.swift; path = QuizModels.swift; sourceTree = "<group>"; };
		9CFCC2FD2885871000B01343 /* QuizUseCase.swift */ = {isa = PBXFileReference; lastKnownFileType = sourcecode.swift; path = QuizUseCase.swift; sourceTree = "<group>"; };
		9CFCC2FF28858A1E00B01343 /* QuizNetworkClient.swift */ = {isa = PBXFileReference; lastKnownFileType = sourcecode.swift; path = QuizNetworkClient.swift; sourceTree = "<group>"; };
/* End PBXFileReference section */

/* Begin PBXFrameworksBuildPhase section */
		9C195364287584750051CEC6 /* Frameworks */ = {
			isa = PBXFrameworksBuildPhase;
			buildActionMask = 2147483647;
			files = (
				9C25C89428882613000C4C90 /* SDWebImage in Frameworks */,
				9CC33B2B287D77E5002E9853 /* KeychainSwift in Frameworks */,
				9C4807EA288AE033002D097D /* Resolver in Frameworks */,
				9C19538E2876CF720051CEC6 /* SnapKit in Frameworks */,
			);
			runOnlyForDeploymentPostprocessing = 0;
		};
/* End PBXFrameworksBuildPhase section */

/* Begin PBXGroup section */
		9C0481E5288FFC880095247C /* SolvingQuiz */ = {
			isa = PBXGroup;
			children = (
				9C0481E6288FFCA50095247C /* SolvingQuizViewController.swift */,
				9C0481E8288FFD1B0095247C /* SolvingQuizViewModel.swift */,
				9C08B8612897C1C8001F56BD /* SolvingQuizModels.swift */,
				9C0481EA28902D1F0095247C /* ProgressView.swift */,
				9C0481EC28903E8F0095247C /* QuestionsView.swift */,
				9C7523C9289041EE00E8AAB2 /* QuestionCell.swift */,
				9C5024D6289172B200B93FDB /* AnswerView.swift */,
			);
			path = SolvingQuiz;
			sourceTree = "<group>";
		};
		9C08B869289819A3001F56BD /* Leaderboard */ = {
			isa = PBXGroup;
			children = (
				9C08B86A289819BA001F56BD /* LeaderboardViewController.swift */,
				9C08B86C289819EB001F56BD /* LeaderboardViewModel.swift */,
				9C08B86E28981AA0001F56BD /* LeaderboardModels.swift */,
				9C08B8702898295A001F56BD /* LeaderboardCell.swift */,
			);
			path = Leaderboard;
			sourceTree = "<group>";
		};
		9C0D815028940B1B00C6D236 /* QuizResult */ = {
			isa = PBXGroup;
			children = (
				9C0D815128940B3200C6D236 /* QuizResultViewController.swift */,
				9C0D815328940D2C00C6D236 /* QuizResultViewModel.swift */,
				9C08B8632897D02C001F56BD /* QuizResultModels.swift */,
			);
			path = QuizResult;
			sourceTree = "<group>";
		};
		9C19535E287584750051CEC6 = {
			isa = PBXGroup;
			children = (
				9C195369287584750051CEC6 /* QuizApp */,
				9C195368287584750051CEC6 /* Products */,
			);
			sourceTree = "<group>";
		};
		9C195368287584750051CEC6 /* Products */ = {
			isa = PBXGroup;
			children = (
				9C195367287584750051CEC6 /* QuizApp.app */,
			);
			name = Products;
			sourceTree = "<group>";
		};
		9C195369287584750051CEC6 /* QuizApp */ = {
			isa = PBXGroup;
			children = (
				9C25C89F28883CDD000C4C90 /* Main */,
				9CC4D6E5287C70170061F149 /* UseCase */,
				9C25C88A2888109A000C4C90 /* Repositories */,
				9CC4D6DE287C552A0061F149 /* Network */,
				9C25C89728883C03000C4C90 /* DataSources */,
				9CC33B20287D6832002E9853 /* Util */,
				9C25C89528883B2D000C4C90 /* UI */,
				9C195373287584770051CEC6 /* Assets.xcassets */,
				9C195375287584770051CEC6 /* LaunchScreen.storyboard */,
				9C195378287584770051CEC6 /* Info.plist */,
			);
			path = QuizApp;
			sourceTree = "<group>";
		};
		9C19538F2876D03B0051CEC6 /* Login */ = {
			isa = PBXGroup;
			children = (
				9C19536E287584750051CEC6 /* LoginViewController.swift */,
				9C1953AE287826BD0051CEC6 /* LoginViewModel.swift */,
				9C1953932876D3860051CEC6 /* EmailView.swift */,
				9C1953952876D65C0051CEC6 /* PasswordView.swift */,
				9C1953B02878366A0051CEC6 /* ErrorLabel.swift */,
				9C1953992876DD7D0051CEC6 /* LoginButton.swift */,
			);
			path = Login;
			sourceTree = "<group>";
		};
		9C1953A32876F9A70051CEC6 /* Fonts */ = {
			isa = PBXGroup;
			children = (
				9C1953A62876FB430051CEC6 /* SourceSansPro-Regular.ttf */,
				9C42E0C12881A74700B2B9FF /* SourceSansPro-Bold.ttf */,
				9C327E51289A9D49003787C0 /* SourceSansPro-SemiBold.ttf */,
			);
			path = Fonts;
			sourceTree = "<group>";
		};
		9C20BAC9287EEA06009378FB /* Quiz */ = {
			isa = PBXGroup;
			children = (
				9C1C76D028802471006217A9 /* QuizViewController.swift */,
				9CFCC2F32885532A00B01343 /* QuizViewModel.swift */,
				9CFCC2F72885547600B01343 /* QuizModels.swift */,
				9C42E0BD28819B1300B2B9FF /* CategorySlider.swift */,
				9C42E0BF28819E0200B2B9FF /* CategoryCell.swift */,
				9C42E0C32881A9A100B2B9FF /* QuizView.swift */,
				9C4807D92889556B002D097D /* QuizHeader.swift */,
				9C42E0C52881AAF300B2B9FF /* QuizCell.swift */,
				9C42E0C72881B71B00B2B9FF /* DifficultyView.swift */,
			);
			path = Quiz;
			sourceTree = "<group>";
		};
		9C25C88A2888109A000C4C90 /* Repositories */ = {
			isa = PBXGroup;
			children = (
				9C4807DD28899E9E002D097D /* RepoModels.swift */,
				9CC33B23287D6889002E9853 /* UserRepository.swift */,
				9C25C88B288810B5000C4C90 /* QuizRepository.swift */,
			);
			path = Repositories;
			sourceTree = "<group>";
		};
		9C25C89528883B2D000C4C90 /* UI */ = {
			isa = PBXGroup;
			children = (
				9C4807D52889443C002D097D /* Resources */,
				9CC33B37287DBD1F002E9853 /* Common */,
				9C4807D728894475002D097D /* Screens */,
			);
			path = UI;
			sourceTree = "<group>";
		};
		9C25C89628883BE1000C4C90 /* Clients */ = {
			isa = PBXGroup;
			children = (
				9C4807E12889A088002D097D /* NetworkModels.swift */,
				9CC4D6D5287C10450061F149 /* LoginNetworkClient.swift */,
				9CC33B30287D9F59002E9853 /* CheckNetworkClient.swift */,
				9C1C76D228803AA9006217A9 /* UserNetworkClient.swift */,
				9CFCC2FF28858A1E00B01343 /* QuizNetworkClient.swift */,
				9CC33B32287DA19F002E9853 /* NetworkClient.swift */,
			);
			path = Clients;
			sourceTree = "<group>";
		};
		9C25C89728883C03000C4C90 /* DataSources */ = {
			isa = PBXGroup;
			children = (
				9C4807DF28899EF7002D097D /* DataSourceModels.swift */,
				9CC33B21287D6848002E9853 /* UserDatabaseDataSource.swift */,
				9CC4D6E1287C6AB30061F149 /* UserNetworkDataSource.swift */,
				9C25C88D28881111000C4C90 /* QuizNetworkDataSource.swift */,
			);
			path = DataSources;
			sourceTree = "<group>";
		};
		9C25C89B28883C38000C4C90 /* Errors */ = {
			isa = PBXGroup;
			children = (
				9CC4D6DC287C1C6B0061F149 /* RequestError.swift */,
			);
			path = Errors;
			sourceTree = "<group>";
		};
		9C25C89E28883CBB000C4C90 /* Home */ = {
			isa = PBXGroup;
			children = (
				9C20BAC7287EE642009378FB /* TabBarController.swift */,
			);
			path = Home;
			sourceTree = "<group>";
		};
		9C25C89F28883CDD000C4C90 /* Main */ = {
			isa = PBXGroup;
			children = (
				9C1953A8287716FE0051CEC6 /* ConstructViewsProtocol.swift */,
				9C1953B4287871E20051CEC6 /* AppRouterProtocol.swift */,
				9C19536A287584750051CEC6 /* AppDelegate.swift */,
				9C1953B2287871CC0051CEC6 /* AppRouter.swift */,
				9CC4D6DF287C5A720061F149 /* AppDependencies.swift */,
			);
			path = Main;
			sourceTree = "<group>";
		};
		9C4807D52889443C002D097D /* Resources */ = {
			isa = PBXGroup;
			children = (
				9C1953A32876F9A70051CEC6 /* Fonts */,
			);
			path = Resources;
			sourceTree = "<group>";
		};
		9C4807D728894475002D097D /* Screens */ = {
			isa = PBXGroup;
			children = (
				9C19538F2876D03B0051CEC6 /* Login */,
				9C25C89E28883CBB000C4C90 /* Home */,
				9C20BAC9287EEA06009378FB /* Quiz */,
				9CA94DF7288ECB560038315F /* QuizDetails */,
				9C08B869289819A3001F56BD /* Leaderboard */,
				9C0481E5288FFC880095247C /* SolvingQuiz */,
				9C0D815028940B1B00C6D236 /* QuizResult */,
				9CC33B34287DBC97002E9853 /* User */,
			);
			path = Screens;
			sourceTree = "<group>";
		};
		9CA94DF7288ECB560038315F /* QuizDetails */ = {
			isa = PBXGroup;
			children = (
				9CA94DF8288ECB6B0038315F /* QuizDetailsViewController.swift */,
				9C5024D228912DE300B93FDB /* QuizDetailsViewModel.swift */,
				9CA94DFA288ECCBC0038315F /* DetailsView.swift */,
			);
			path = QuizDetails;
			sourceTree = "<group>";
		};
		9CC33B20287D6832002E9853 /* Util */ = {
			isa = PBXGroup;
			children = (
				9CC33B25287D6E2B002E9853 /* SecureStorage.swift */,
			);
			path = Util;
			sourceTree = "<group>";
		};
		9CC33B34287DBC97002E9853 /* User */ = {
			isa = PBXGroup;
			children = (
				9CC33B35287DBCB1002E9853 /* UserViewController.swift */,
				9C20BACF287EF1DB009378FB /* UserViewModel.swift */,
				9C25C8B12888428A000C4C90 /* UserModels.swift */,
			);
			path = User;
			sourceTree = "<group>";
		};
		9CC33B37287DBD1F002E9853 /* Common */ = {
			isa = PBXGroup;
			children = (
				9C5F21932886AFF5000C3511 /* Colors.swift */,
				9C327E4F289A7F31003787C0 /* Fonts.swift */,
				9C1953AA287725590051CEC6 /* TextFieldView.swift */,
				9C19539B2876F1ED0051CEC6 /* GradientView.swift */,
				9C20BAD5287F01AC009378FB /* CustomButton.swift */,
				9C4807E3288A996C002D097D /* ErrorView.swift */,
			);
			path = Common;
			sourceTree = "<group>";
		};
		9CC4D6DE287C552A0061F149 /* Network */ = {
			isa = PBXGroup;
			children = (
				9C25C89628883BE1000C4C90 /* Clients */,
				9C25C89B28883C38000C4C90 /* Errors */,
			);
			path = Network;
			sourceTree = "<group>";
		};
		9CC4D6E5287C70170061F149 /* UseCase */ = {
			isa = PBXGroup;
			children = (
				9C4807DB28899E24002D097D /* UseCaseModels.swift */,
				9CC4D6E3287C6C8C0061F149 /* LoginUseCase.swift */,
				9C20BAD1287EF25D009378FB /* UserUseCase.swift */,
				9C20BAD7287F17F2009378FB /* LogOutUseCase.swift */,
				9CFCC2FD2885871000B01343 /* QuizUseCase.swift */,
				9C0481E1288FEFFD0095247C /* SolvingQuizUseCase.swift */,
				9C08B86728981775001F56BD /* LeaderboardUseCase.swift */,
			);
			path = UseCase;
			sourceTree = "<group>";
		};
/* End PBXGroup section */

/* Begin PBXNativeTarget section */
		9C195366287584750051CEC6 /* QuizApp */ = {
			isa = PBXNativeTarget;
			buildConfigurationList = 9C19537B287584770051CEC6 /* Build configuration list for PBXNativeTarget "QuizApp" */;
			buildPhases = (
				9C195363287584750051CEC6 /* Sources */,
				9C195364287584750051CEC6 /* Frameworks */,
				9C195365287584750051CEC6 /* Resources */,
				9C19538B2875D7B30051CEC6 /* ShellScript */,
			);
			buildRules = (
			);
			dependencies = (
			);
			name = QuizApp;
			packageProductDependencies = (
				9C19538D2876CF720051CEC6 /* SnapKit */,
				9CC33B2A287D77E5002E9853 /* KeychainSwift */,
				9C25C89328882613000C4C90 /* SDWebImage */,
				9C4807E9288AE033002D097D /* Resolver */,
			);
			productName = QuizApp;
			productReference = 9C195367287584750051CEC6 /* QuizApp.app */;
			productType = "com.apple.product-type.application";
		};
/* End PBXNativeTarget section */

/* Begin PBXProject section */
		9C19535F287584750051CEC6 /* Project object */ = {
			isa = PBXProject;
			attributes = {
				BuildIndependentTargetsInParallel = 1;
				LastSwiftUpdateCheck = 1340;
				LastUpgradeCheck = 1340;
				TargetAttributes = {
					9C195366287584750051CEC6 = {
						CreatedOnToolsVersion = 13.4.1;
					};
				};
			};
			buildConfigurationList = 9C195362287584750051CEC6 /* Build configuration list for PBXProject "QuizApp" */;
			compatibilityVersion = "Xcode 13.0";
			developmentRegion = en;
			hasScannedForEncodings = 0;
			knownRegions = (
				en,
				Base,
			);
			mainGroup = 9C19535E287584750051CEC6;
			packageReferences = (
				9C19538C2876CF720051CEC6 /* XCRemoteSwiftPackageReference "SnapKit" */,
				9CC33B29287D77E5002E9853 /* XCRemoteSwiftPackageReference "keychain-swift" */,
				9C25C89228882613000C4C90 /* XCRemoteSwiftPackageReference "SDWebImage" */,
				9C4807E8288AE033002D097D /* XCRemoteSwiftPackageReference "Resolver" */,
			);
			productRefGroup = 9C195368287584750051CEC6 /* Products */;
			projectDirPath = "";
			projectRoot = "";
			targets = (
				9C195366287584750051CEC6 /* QuizApp */,
			);
		};
/* End PBXProject section */

/* Begin PBXResourcesBuildPhase section */
		9C195365287584750051CEC6 /* Resources */ = {
			isa = PBXResourcesBuildPhase;
			buildActionMask = 2147483647;
			files = (
				9C327E52289A9D8C003787C0 /* SourceSansPro-SemiBold.ttf in Resources */,
				9C42E0C22881A81D00B2B9FF /* SourceSansPro-Bold.ttf in Resources */,
				9C1953A72876FB6A0051CEC6 /* SourceSansPro-Regular.ttf in Resources */,
				9C195377287584770051CEC6 /* LaunchScreen.storyboard in Resources */,
				9C195374287584770051CEC6 /* Assets.xcassets in Resources */,
			);
			runOnlyForDeploymentPostprocessing = 0;
		};
/* End PBXResourcesBuildPhase section */

/* Begin PBXShellScriptBuildPhase section */
		9C19538B2875D7B30051CEC6 /* ShellScript */ = {
			isa = PBXShellScriptBuildPhase;
			buildActionMask = 2147483647;
			files = (
			);
			inputFileListPaths = (
			);
			inputPaths = (
			);
			outputFileListPaths = (
			);
			outputPaths = (
			);
			runOnlyForDeploymentPostprocessing = 0;
			shellPath = /bin/sh;
			shellScript = "export PATH=\"$PATH:/opt/homebrew/bin\"\nif which swiftlint > /dev/null; then\n  swiftlint\nelse\n  echo \"warning: SwiftLint not installed, download from https://github.com/realm/SwiftLint\"\nfi\n";
		};
/* End PBXShellScriptBuildPhase section */

/* Begin PBXSourcesBuildPhase section */
		9C195363287584750051CEC6 /* Sources */ = {
			isa = PBXSourcesBuildPhase;
			buildActionMask = 2147483647;
			files = (
				9C19539A2876DD7D0051CEC6 /* LoginButton.swift in Sources */,
				9C20BAD8287F17F2009378FB /* LogOutUseCase.swift in Sources */,
				9C5024D328912DE300B93FDB /* QuizDetailsViewModel.swift in Sources */,
				9C19536F287584750051CEC6 /* LoginViewController.swift in Sources */,
				9CFCC2FE2885871000B01343 /* QuizUseCase.swift in Sources */,
				9C4807DE28899E9E002D097D /* RepoModels.swift in Sources */,
				9CC4D6E4287C6C8C0061F149 /* LoginUseCase.swift in Sources */,
				9C20BAD6287F01AC009378FB /* CustomButton.swift in Sources */,
				9CC33B33287DA19F002E9853 /* NetworkClient.swift in Sources */,
				9C0D815428940D2C00C6D236 /* QuizResultViewModel.swift in Sources */,
				9C327E50289A7F31003787C0 /* Fonts.swift in Sources */,
				9C1953AB287725590051CEC6 /* TextFieldView.swift in Sources */,
				9C08B8622897C1C8001F56BD /* SolvingQuizModels.swift in Sources */,
				9C25C88E28881111000C4C90 /* QuizNetworkDataSource.swift in Sources */,
				9CC4D6E0287C5A720061F149 /* AppDependencies.swift in Sources */,
				9C4807DC28899E24002D097D /* UseCaseModels.swift in Sources */,
				9C1953B12878366A0051CEC6 /* ErrorLabel.swift in Sources */,
				9C42E0C82881B71B00B2B9FF /* DifficultyView.swift in Sources */,
				9CA94DFB288ECCBC0038315F /* DetailsView.swift in Sources */,
				9CA94DF9288ECB6B0038315F /* QuizDetailsViewController.swift in Sources */,
				9C20BAD2287EF25D009378FB /* UserUseCase.swift in Sources */,
				9CFCC30028858A1E00B01343 /* QuizNetworkClient.swift in Sources */,
				9C19539C2876F1ED0051CEC6 /* GradientView.swift in Sources */,
				9C19536B287584750051CEC6 /* AppDelegate.swift in Sources */,
				9C1C76D328803AA9006217A9 /* UserNetworkClient.swift in Sources */,
				9C08B8642897D02C001F56BD /* QuizResultModels.swift in Sources */,
				9C20BAC8287EE642009378FB /* TabBarController.swift in Sources */,
				9C1953942876D3860051CEC6 /* EmailView.swift in Sources */,
				9C42E0C42881A9A100B2B9FF /* QuizView.swift in Sources */,
				9C1953B3287871CC0051CEC6 /* AppRouter.swift in Sources */,
				9C42E0BE28819B1300B2B9FF /* CategorySlider.swift in Sources */,
				9C42E0C62881AAF300B2B9FF /* QuizCell.swift in Sources */,
				9CC4D6D6287C10450061F149 /* LoginNetworkClient.swift in Sources */,
				9C4807E028899EF7002D097D /* DataSourceModels.swift in Sources */,
				9CC4D6E2287C6AB30061F149 /* UserNetworkDataSource.swift in Sources */,
				9C7523CA289041EE00E8AAB2 /* QuestionCell.swift in Sources */,
				9C4807E22889A088002D097D /* NetworkModels.swift in Sources */,
				9CC33B22287D6848002E9853 /* UserDatabaseDataSource.swift in Sources */,
				9C0481EB28902D1F0095247C /* ProgressView.swift in Sources */,
				9C08B86828981775001F56BD /* LeaderboardUseCase.swift in Sources */,
				9C1953A9287716FE0051CEC6 /* ConstructViewsProtocol.swift in Sources */,
				9CC4D6DD287C1C6B0061F149 /* RequestError.swift in Sources */,
				9C4807E4288A996D002D097D /* ErrorView.swift in Sources */,
				9C0481ED28903E8F0095247C /* QuestionsView.swift in Sources */,
				9CC33B31287D9F59002E9853 /* CheckNetworkClient.swift in Sources */,
				9C0481E7288FFCA50095247C /* SolvingQuizViewController.swift in Sources */,
				9C1953962876D65C0051CEC6 /* PasswordView.swift in Sources */,
				9C1953B5287871E20051CEC6 /* AppRouterProtocol.swift in Sources */,
				9C5024D7289172B200B93FDB /* AnswerView.swift in Sources */,
				9C4807DA2889556B002D097D /* QuizHeader.swift in Sources */,
				9C25C88C288810B5000C4C90 /* QuizRepository.swift in Sources */,
				9CC33B24287D6889002E9853 /* UserRepository.swift in Sources */,
				9C08B86B289819BA001F56BD /* LeaderboardViewController.swift in Sources */,
				9C25C8B22888428A000C4C90 /* UserModels.swift in Sources */,
				9CFCC2F42885532A00B01343 /* QuizViewModel.swift in Sources */,
				9C0481E2288FEFFD0095247C /* SolvingQuizUseCase.swift in Sources */,
				9CC33B36287DBCB1002E9853 /* UserViewController.swift in Sources */,
				9CC33B26287D6E2B002E9853 /* SecureStorage.swift in Sources */,
				9C1C76D128802471006217A9 /* QuizViewController.swift in Sources */,
				9C08B86F28981AA0001F56BD /* LeaderboardModels.swift in Sources */,
				9C0481E9288FFD1B0095247C /* SolvingQuizViewModel.swift in Sources */,
				9C5F21942886AFF5000C3511 /* Colors.swift in Sources */,
				9C08B86D289819EB001F56BD /* LeaderboardViewModel.swift in Sources */,
				9CFCC2F82885547600B01343 /* QuizModels.swift in Sources */,
				9C0D815228940B3200C6D236 /* QuizResultViewController.swift in Sources */,
				9C20BAD0287EF1DB009378FB /* UserViewModel.swift in Sources */,
				9C08B8712898295A001F56BD /* LeaderboardCell.swift in Sources */,
				9C1953AF287826BD0051CEC6 /* LoginViewModel.swift in Sources */,
				9C42E0C028819E0200B2B9FF /* CategoryCell.swift in Sources */,
			);
			runOnlyForDeploymentPostprocessing = 0;
		};
/* End PBXSourcesBuildPhase section */

/* Begin PBXVariantGroup section */
		9C195375287584770051CEC6 /* LaunchScreen.storyboard */ = {
			isa = PBXVariantGroup;
			children = (
				9C195376287584770051CEC6 /* Base */,
			);
			name = LaunchScreen.storyboard;
			sourceTree = "<group>";
		};
/* End PBXVariantGroup section */

/* Begin XCBuildConfiguration section */
		9C195379287584770051CEC6 /* Debug */ = {
			isa = XCBuildConfiguration;
			buildSettings = {
				ALWAYS_SEARCH_USER_PATHS = NO;
				CLANG_ANALYZER_NONNULL = YES;
				CLANG_ANALYZER_NUMBER_OBJECT_CONVERSION = YES_AGGRESSIVE;
				CLANG_CXX_LANGUAGE_STANDARD = "gnu++17";
				CLANG_ENABLE_MODULES = YES;
				CLANG_ENABLE_OBJC_ARC = YES;
				CLANG_ENABLE_OBJC_WEAK = YES;
				CLANG_WARN_BLOCK_CAPTURE_AUTORELEASING = YES;
				CLANG_WARN_BOOL_CONVERSION = YES;
				CLANG_WARN_COMMA = YES;
				CLANG_WARN_CONSTANT_CONVERSION = YES;
				CLANG_WARN_DEPRECATED_OBJC_IMPLEMENTATIONS = YES;
				CLANG_WARN_DIRECT_OBJC_ISA_USAGE = YES_ERROR;
				CLANG_WARN_DOCUMENTATION_COMMENTS = YES;
				CLANG_WARN_EMPTY_BODY = YES;
				CLANG_WARN_ENUM_CONVERSION = YES;
				CLANG_WARN_INFINITE_RECURSION = YES;
				CLANG_WARN_INT_CONVERSION = YES;
				CLANG_WARN_NON_LITERAL_NULL_CONVERSION = YES;
				CLANG_WARN_OBJC_IMPLICIT_RETAIN_SELF = YES;
				CLANG_WARN_OBJC_LITERAL_CONVERSION = YES;
				CLANG_WARN_OBJC_ROOT_CLASS = YES_ERROR;
				CLANG_WARN_QUOTED_INCLUDE_IN_FRAMEWORK_HEADER = YES;
				CLANG_WARN_RANGE_LOOP_ANALYSIS = YES;
				CLANG_WARN_STRICT_PROTOTYPES = YES;
				CLANG_WARN_SUSPICIOUS_MOVE = YES;
				CLANG_WARN_UNGUARDED_AVAILABILITY = YES_AGGRESSIVE;
				CLANG_WARN_UNREACHABLE_CODE = YES;
				CLANG_WARN__DUPLICATE_METHOD_MATCH = YES;
				COPY_PHASE_STRIP = NO;
				DEBUG_INFORMATION_FORMAT = dwarf;
				ENABLE_STRICT_OBJC_MSGSEND = YES;
				ENABLE_TESTABILITY = YES;
				GCC_C_LANGUAGE_STANDARD = gnu11;
				GCC_DYNAMIC_NO_PIC = NO;
				GCC_NO_COMMON_BLOCKS = YES;
				GCC_OPTIMIZATION_LEVEL = 0;
				GCC_PREPROCESSOR_DEFINITIONS = (
					"DEBUG=1",
					"$(inherited)",
				);
				GCC_WARN_64_TO_32_BIT_CONVERSION = YES;
				GCC_WARN_ABOUT_RETURN_TYPE = YES_ERROR;
				GCC_WARN_UNDECLARED_SELECTOR = YES;
				GCC_WARN_UNINITIALIZED_AUTOS = YES_AGGRESSIVE;
				GCC_WARN_UNUSED_FUNCTION = YES;
				GCC_WARN_UNUSED_VARIABLE = YES;
				IPHONEOS_DEPLOYMENT_TARGET = 15.0;
				MTL_ENABLE_DEBUG_INFO = INCLUDE_SOURCE;
				MTL_FAST_MATH = YES;
				ONLY_ACTIVE_ARCH = YES;
				SDKROOT = iphoneos;
				SWIFT_ACTIVE_COMPILATION_CONDITIONS = DEBUG;
				SWIFT_OPTIMIZATION_LEVEL = "-Onone";
			};
			name = Debug;
		};
		9C19537A287584770051CEC6 /* Release */ = {
			isa = XCBuildConfiguration;
			buildSettings = {
				ALWAYS_SEARCH_USER_PATHS = NO;
				CLANG_ANALYZER_NONNULL = YES;
				CLANG_ANALYZER_NUMBER_OBJECT_CONVERSION = YES_AGGRESSIVE;
				CLANG_CXX_LANGUAGE_STANDARD = "gnu++17";
				CLANG_ENABLE_MODULES = YES;
				CLANG_ENABLE_OBJC_ARC = YES;
				CLANG_ENABLE_OBJC_WEAK = YES;
				CLANG_WARN_BLOCK_CAPTURE_AUTORELEASING = YES;
				CLANG_WARN_BOOL_CONVERSION = YES;
				CLANG_WARN_COMMA = YES;
				CLANG_WARN_CONSTANT_CONVERSION = YES;
				CLANG_WARN_DEPRECATED_OBJC_IMPLEMENTATIONS = YES;
				CLANG_WARN_DIRECT_OBJC_ISA_USAGE = YES_ERROR;
				CLANG_WARN_DOCUMENTATION_COMMENTS = YES;
				CLANG_WARN_EMPTY_BODY = YES;
				CLANG_WARN_ENUM_CONVERSION = YES;
				CLANG_WARN_INFINITE_RECURSION = YES;
				CLANG_WARN_INT_CONVERSION = YES;
				CLANG_WARN_NON_LITERAL_NULL_CONVERSION = YES;
				CLANG_WARN_OBJC_IMPLICIT_RETAIN_SELF = YES;
				CLANG_WARN_OBJC_LITERAL_CONVERSION = YES;
				CLANG_WARN_OBJC_ROOT_CLASS = YES_ERROR;
				CLANG_WARN_QUOTED_INCLUDE_IN_FRAMEWORK_HEADER = YES;
				CLANG_WARN_RANGE_LOOP_ANALYSIS = YES;
				CLANG_WARN_STRICT_PROTOTYPES = YES;
				CLANG_WARN_SUSPICIOUS_MOVE = YES;
				CLANG_WARN_UNGUARDED_AVAILABILITY = YES_AGGRESSIVE;
				CLANG_WARN_UNREACHABLE_CODE = YES;
				CLANG_WARN__DUPLICATE_METHOD_MATCH = YES;
				COPY_PHASE_STRIP = NO;
				DEBUG_INFORMATION_FORMAT = "dwarf-with-dsym";
				ENABLE_NS_ASSERTIONS = NO;
				ENABLE_STRICT_OBJC_MSGSEND = YES;
				GCC_C_LANGUAGE_STANDARD = gnu11;
				GCC_NO_COMMON_BLOCKS = YES;
				GCC_WARN_64_TO_32_BIT_CONVERSION = YES;
				GCC_WARN_ABOUT_RETURN_TYPE = YES_ERROR;
				GCC_WARN_UNDECLARED_SELECTOR = YES;
				GCC_WARN_UNINITIALIZED_AUTOS = YES_AGGRESSIVE;
				GCC_WARN_UNUSED_FUNCTION = YES;
				GCC_WARN_UNUSED_VARIABLE = YES;
				IPHONEOS_DEPLOYMENT_TARGET = 15.0;
				MTL_ENABLE_DEBUG_INFO = NO;
				MTL_FAST_MATH = YES;
				SDKROOT = iphoneos;
				SWIFT_COMPILATION_MODE = wholemodule;
				SWIFT_OPTIMIZATION_LEVEL = "-O";
				VALIDATE_PRODUCT = YES;
			};
			name = Release;
		};
		9C19537C287584770051CEC6 /* Debug */ = {
			isa = XCBuildConfiguration;
			buildSettings = {
				ASSETCATALOG_COMPILER_APPICON_NAME = AppIcon;
				ASSETCATALOG_COMPILER_GLOBAL_ACCENT_COLOR_NAME = AccentColor;
				CODE_SIGN_STYLE = Automatic;
				CURRENT_PROJECT_VERSION = 1;
				DEVELOPMENT_TEAM = AWWVAQ2M2R;
				GENERATE_INFOPLIST_FILE = YES;
				INFOPLIST_FILE = QuizApp/Info.plist;
				INFOPLIST_KEY_UIApplicationSupportsIndirectInputEvents = YES;
				INFOPLIST_KEY_UILaunchStoryboardName = LaunchScreen;
				INFOPLIST_KEY_UISupportedInterfaceOrientations_iPad = "UIInterfaceOrientationPortrait UIInterfaceOrientationPortraitUpsideDown UIInterfaceOrientationLandscapeLeft UIInterfaceOrientationLandscapeRight";
				INFOPLIST_KEY_UISupportedInterfaceOrientations_iPhone = "UIInterfaceOrientationPortrait UIInterfaceOrientationLandscapeLeft UIInterfaceOrientationLandscapeRight";
				LD_RUNPATH_SEARCH_PATHS = (
					"$(inherited)",
					"@executable_path/Frameworks",
				);
				MARKETING_VERSION = 1.0;
				PRODUCT_BUNDLE_IDENTIFIER = five.agency.markelic.marin.QuizApp;
				PRODUCT_NAME = "$(TARGET_NAME)";
				SWIFT_EMIT_LOC_STRINGS = YES;
				SWIFT_VERSION = 5.0;
				TARGETED_DEVICE_FAMILY = "1,2";
			};
			name = Debug;
		};
		9C19537D287584770051CEC6 /* Release */ = {
			isa = XCBuildConfiguration;
			buildSettings = {
				ASSETCATALOG_COMPILER_APPICON_NAME = AppIcon;
				ASSETCATALOG_COMPILER_GLOBAL_ACCENT_COLOR_NAME = AccentColor;
				CODE_SIGN_STYLE = Automatic;
				CURRENT_PROJECT_VERSION = 1;
				DEVELOPMENT_TEAM = AWWVAQ2M2R;
				GENERATE_INFOPLIST_FILE = YES;
				INFOPLIST_FILE = QuizApp/Info.plist;
				INFOPLIST_KEY_UIApplicationSupportsIndirectInputEvents = YES;
				INFOPLIST_KEY_UILaunchStoryboardName = LaunchScreen;
				INFOPLIST_KEY_UISupportedInterfaceOrientations_iPad = "UIInterfaceOrientationPortrait UIInterfaceOrientationPortraitUpsideDown UIInterfaceOrientationLandscapeLeft UIInterfaceOrientationLandscapeRight";
				INFOPLIST_KEY_UISupportedInterfaceOrientations_iPhone = "UIInterfaceOrientationPortrait UIInterfaceOrientationLandscapeLeft UIInterfaceOrientationLandscapeRight";
				LD_RUNPATH_SEARCH_PATHS = (
					"$(inherited)",
					"@executable_path/Frameworks",
				);
				MARKETING_VERSION = 1.0;
				PRODUCT_BUNDLE_IDENTIFIER = five.agency.markelic.marin.QuizApp;
				PRODUCT_NAME = "$(TARGET_NAME)";
				SWIFT_EMIT_LOC_STRINGS = YES;
				SWIFT_VERSION = 5.0;
				TARGETED_DEVICE_FAMILY = "1,2";
			};
			name = Release;
		};
/* End XCBuildConfiguration section */

/* Begin XCConfigurationList section */
		9C195362287584750051CEC6 /* Build configuration list for PBXProject "QuizApp" */ = {
			isa = XCConfigurationList;
			buildConfigurations = (
				9C195379287584770051CEC6 /* Debug */,
				9C19537A287584770051CEC6 /* Release */,
			);
			defaultConfigurationIsVisible = 0;
			defaultConfigurationName = Release;
		};
		9C19537B287584770051CEC6 /* Build configuration list for PBXNativeTarget "QuizApp" */ = {
			isa = XCConfigurationList;
			buildConfigurations = (
				9C19537C287584770051CEC6 /* Debug */,
				9C19537D287584770051CEC6 /* Release */,
			);
			defaultConfigurationIsVisible = 0;
			defaultConfigurationName = Release;
		};
/* End XCConfigurationList section */

/* Begin XCRemoteSwiftPackageReference section */
		9C19538C2876CF720051CEC6 /* XCRemoteSwiftPackageReference "SnapKit" */ = {
			isa = XCRemoteSwiftPackageReference;
			repositoryURL = "https://github.com/SnapKit/SnapKit.git";
			requirement = {
				kind = upToNextMajorVersion;
				minimumVersion = 5.0.0;
			};
		};
		9C25C89228882613000C4C90 /* XCRemoteSwiftPackageReference "SDWebImage" */ = {
			isa = XCRemoteSwiftPackageReference;
			repositoryURL = "https://github.com/SDWebImage/SDWebImage.git";
			requirement = {
				kind = upToNextMajorVersion;
				minimumVersion = 5.0.0;
			};
		};
		9C4807E8288AE033002D097D /* XCRemoteSwiftPackageReference "Resolver" */ = {
			isa = XCRemoteSwiftPackageReference;
			repositoryURL = "https://github.com/hmlongco/Resolver";
			requirement = {
				kind = upToNextMajorVersion;
				minimumVersion = 1.0.0;
			};
		};
		9CC33B29287D77E5002E9853 /* XCRemoteSwiftPackageReference "keychain-swift" */ = {
			isa = XCRemoteSwiftPackageReference;
			repositoryURL = "https://github.com/evgenyneu/keychain-swift";
			requirement = {
				branch = master;
				kind = branch;
			};
		};
/* End XCRemoteSwiftPackageReference section */

/* Begin XCSwiftPackageProductDependency section */
		9C19538D2876CF720051CEC6 /* SnapKit */ = {
			isa = XCSwiftPackageProductDependency;
			package = 9C19538C2876CF720051CEC6 /* XCRemoteSwiftPackageReference "SnapKit" */;
			productName = SnapKit;
		};
		9C25C89328882613000C4C90 /* SDWebImage */ = {
			isa = XCSwiftPackageProductDependency;
			package = 9C25C89228882613000C4C90 /* XCRemoteSwiftPackageReference "SDWebImage" */;
			productName = SDWebImage;
		};
		9C4807E9288AE033002D097D /* Resolver */ = {
			isa = XCSwiftPackageProductDependency;
			package = 9C4807E8288AE033002D097D /* XCRemoteSwiftPackageReference "Resolver" */;
			productName = Resolver;
		};
		9CC33B2A287D77E5002E9853 /* KeychainSwift */ = {
			isa = XCSwiftPackageProductDependency;
			package = 9CC33B29287D77E5002E9853 /* XCRemoteSwiftPackageReference "keychain-swift" */;
			productName = KeychainSwift;
		};
/* End XCSwiftPackageProductDependency section */
	};
	rootObject = 9C19535F287584750051CEC6 /* Project object */;
}
