// !$*UTF8*$!
{
	archiveVersion = 1;
	classes = {
	};
	objectVersion = 55;
	objects = {

/* Begin PBXBuildFile section */
		9C19536B287584750051CEC6 /* AppDelegate.swift in Sources */ = {isa = PBXBuildFile; fileRef = 9C19536A287584750051CEC6 /* AppDelegate.swift */; };
		9C19536F287584750051CEC6 /* LoginViewController.swift in Sources */ = {isa = PBXBuildFile; fileRef = 9C19536E287584750051CEC6 /* LoginViewController.swift */; };
		9C195374287584770051CEC6 /* Assets.xcassets in Resources */ = {isa = PBXBuildFile; fileRef = 9C195373287584770051CEC6 /* Assets.xcassets */; };
		9C195377287584770051CEC6 /* LaunchScreen.storyboard in Resources */ = {isa = PBXBuildFile; fileRef = 9C195375287584770051CEC6 /* LaunchScreen.storyboard */; };
		9C19538E2876CF720051CEC6 /* SnapKit in Frameworks */ = {isa = PBXBuildFile; productRef = 9C19538D2876CF720051CEC6 /* SnapKit */; };
		9C1953942876D3860051CEC6 /* EmailView.swift in Sources */ = {isa = PBXBuildFile; fileRef = 9C1953932876D3860051CEC6 /* EmailView.swift */; };
		9C1953962876D65C0051CEC6 /* PasswordView.swift in Sources */ = {isa = PBXBuildFile; fileRef = 9C1953952876D65C0051CEC6 /* PasswordView.swift */; };
		9C19539A2876DD7D0051CEC6 /* LoginButton.swift in Sources */ = {isa = PBXBuildFile; fileRef = 9C1953992876DD7D0051CEC6 /* LoginButton.swift */; };
		9C19539C2876F1ED0051CEC6 /* GradientView.swift in Sources */ = {isa = PBXBuildFile; fileRef = 9C19539B2876F1ED0051CEC6 /* GradientView.swift */; };
		9C1953A72876FB6A0051CEC6 /* SourceSansPro-Regular.ttf in Resources */ = {isa = PBXBuildFile; fileRef = 9C1953A62876FB430051CEC6 /* SourceSansPro-Regular.ttf */; };
		9C1953A9287716FE0051CEC6 /* ConstructViewsProtocol.swift in Sources */ = {isa = PBXBuildFile; fileRef = 9C1953A8287716FE0051CEC6 /* ConstructViewsProtocol.swift */; };
		9C1953AB287725590051CEC6 /* TextFieldView.swift in Sources */ = {isa = PBXBuildFile; fileRef = 9C1953AA287725590051CEC6 /* TextFieldView.swift */; };
		9C1953AF287826BD0051CEC6 /* LoginViewModel.swift in Sources */ = {isa = PBXBuildFile; fileRef = 9C1953AE287826BD0051CEC6 /* LoginViewModel.swift */; };
		9C1953B12878366A0051CEC6 /* ErrorLabel.swift in Sources */ = {isa = PBXBuildFile; fileRef = 9C1953B02878366A0051CEC6 /* ErrorLabel.swift */; };
		9C1953B3287871CC0051CEC6 /* AppRouter.swift in Sources */ = {isa = PBXBuildFile; fileRef = 9C1953B2287871CC0051CEC6 /* AppRouter.swift */; };
		9C1953B5287871E20051CEC6 /* AppRouterProtocol.swift in Sources */ = {isa = PBXBuildFile; fileRef = 9C1953B4287871E20051CEC6 /* AppRouterProtocol.swift */; };
		9C20BAC8287EE642009378FB /* TabBarController.swift in Sources */ = {isa = PBXBuildFile; fileRef = 9C20BAC7287EE642009378FB /* TabBarController.swift */; };
		9C20BACB287EEA1F009378FB /* QuizViewController.swift in Sources */ = {isa = PBXBuildFile; fileRef = 9C20BACA287EEA1F009378FB /* QuizViewController.swift */; };
		9C20BACE287EEA4F009378FB /* SearchViewController.swift in Sources */ = {isa = PBXBuildFile; fileRef = 9C20BACD287EEA4F009378FB /* SearchViewController.swift */; };
		9C20BAD0287EF1DB009378FB /* UserViewModel.swift in Sources */ = {isa = PBXBuildFile; fileRef = 9C20BACF287EF1DB009378FB /* UserViewModel.swift */; };
		9C20BAD2287EF25D009378FB /* UserUseCase.swift in Sources */ = {isa = PBXBuildFile; fileRef = 9C20BAD1287EF25D009378FB /* UserUseCase.swift */; };
		9CC33B22287D6848002E9853 /* UserDatabaseDataSource.swift in Sources */ = {isa = PBXBuildFile; fileRef = 9CC33B21287D6848002E9853 /* UserDatabaseDataSource.swift */; };
		9CC33B24287D6889002E9853 /* UserRepository.swift in Sources */ = {isa = PBXBuildFile; fileRef = 9CC33B23287D6889002E9853 /* UserRepository.swift */; };
		9CC33B26287D6E2B002E9853 /* SecureStorage.swift in Sources */ = {isa = PBXBuildFile; fileRef = 9CC33B25287D6E2B002E9853 /* SecureStorage.swift */; };
		9CC33B2B287D77E5002E9853 /* KeychainSwift in Frameworks */ = {isa = PBXBuildFile; productRef = 9CC33B2A287D77E5002E9853 /* KeychainSwift */; };
		9CC33B31287D9F59002E9853 /* CheckNetworkClient.swift in Sources */ = {isa = PBXBuildFile; fileRef = 9CC33B30287D9F59002E9853 /* CheckNetworkClient.swift */; };
		9CC33B33287DA19F002E9853 /* NetworkClient.swift in Sources */ = {isa = PBXBuildFile; fileRef = 9CC33B32287DA19F002E9853 /* NetworkClient.swift */; };
		9CC33B36287DBCB1002E9853 /* UserViewController.swift in Sources */ = {isa = PBXBuildFile; fileRef = 9CC33B35287DBCB1002E9853 /* UserViewController.swift */; };
		9CC4D6D6287C10450061F149 /* LoginNetworkClient.swift in Sources */ = {isa = PBXBuildFile; fileRef = 9CC4D6D5287C10450061F149 /* LoginNetworkClient.swift */; };
		9CC4D6DD287C1C6B0061F149 /* RequestError.swift in Sources */ = {isa = PBXBuildFile; fileRef = 9CC4D6DC287C1C6B0061F149 /* RequestError.swift */; };
		9CC4D6E0287C5A720061F149 /* AppDependencies.swift in Sources */ = {isa = PBXBuildFile; fileRef = 9CC4D6DF287C5A720061F149 /* AppDependencies.swift */; };
		9CC4D6E2287C6AB30061F149 /* UserNetworkDataSource.swift in Sources */ = {isa = PBXBuildFile; fileRef = 9CC4D6E1287C6AB30061F149 /* UserNetworkDataSource.swift */; };
		9CC4D6E4287C6C8C0061F149 /* LoginUseCase.swift in Sources */ = {isa = PBXBuildFile; fileRef = 9CC4D6E3287C6C8C0061F149 /* LoginUseCase.swift */; };
/* End PBXBuildFile section */

/* Begin PBXFileReference section */
		9C195367287584750051CEC6 /* QuizApp.app */ = {isa = PBXFileReference; explicitFileType = wrapper.application; includeInIndex = 0; path = QuizApp.app; sourceTree = BUILT_PRODUCTS_DIR; };
		9C19536A287584750051CEC6 /* AppDelegate.swift */ = {isa = PBXFileReference; lastKnownFileType = sourcecode.swift; path = AppDelegate.swift; sourceTree = "<group>"; };
		9C19536E287584750051CEC6 /* LoginViewController.swift */ = {isa = PBXFileReference; lastKnownFileType = sourcecode.swift; path = LoginViewController.swift; sourceTree = "<group>"; };
		9C195373287584770051CEC6 /* Assets.xcassets */ = {isa = PBXFileReference; lastKnownFileType = folder.assetcatalog; path = Assets.xcassets; sourceTree = "<group>"; };
		9C195376287584770051CEC6 /* Base */ = {isa = PBXFileReference; lastKnownFileType = file.storyboard; name = Base; path = Base.lproj/LaunchScreen.storyboard; sourceTree = "<group>"; };
		9C195378287584770051CEC6 /* Info.plist */ = {isa = PBXFileReference; lastKnownFileType = text.plist.xml; path = Info.plist; sourceTree = "<group>"; };
		9C1953932876D3860051CEC6 /* EmailView.swift */ = {isa = PBXFileReference; lastKnownFileType = sourcecode.swift; path = EmailView.swift; sourceTree = "<group>"; };
		9C1953952876D65C0051CEC6 /* PasswordView.swift */ = {isa = PBXFileReference; lastKnownFileType = sourcecode.swift; path = PasswordView.swift; sourceTree = "<group>"; };
		9C1953992876DD7D0051CEC6 /* LoginButton.swift */ = {isa = PBXFileReference; lastKnownFileType = sourcecode.swift; path = LoginButton.swift; sourceTree = "<group>"; };
		9C19539B2876F1ED0051CEC6 /* GradientView.swift */ = {isa = PBXFileReference; lastKnownFileType = sourcecode.swift; path = GradientView.swift; sourceTree = "<group>"; };
		9C1953A62876FB430051CEC6 /* SourceSansPro-Regular.ttf */ = {isa = PBXFileReference; lastKnownFileType = file; path = "SourceSansPro-Regular.ttf"; sourceTree = "<group>"; };
		9C1953A8287716FE0051CEC6 /* ConstructViewsProtocol.swift */ = {isa = PBXFileReference; lastKnownFileType = sourcecode.swift; path = ConstructViewsProtocol.swift; sourceTree = "<group>"; };
		9C1953AA287725590051CEC6 /* TextFieldView.swift */ = {isa = PBXFileReference; lastKnownFileType = sourcecode.swift; path = TextFieldView.swift; sourceTree = "<group>"; };
		9C1953AE287826BD0051CEC6 /* LoginViewModel.swift */ = {isa = PBXFileReference; lastKnownFileType = sourcecode.swift; path = LoginViewModel.swift; sourceTree = "<group>"; };
		9C1953B02878366A0051CEC6 /* ErrorLabel.swift */ = {isa = PBXFileReference; lastKnownFileType = sourcecode.swift; path = ErrorLabel.swift; sourceTree = "<group>"; };
		9C1953B2287871CC0051CEC6 /* AppRouter.swift */ = {isa = PBXFileReference; lastKnownFileType = sourcecode.swift; path = AppRouter.swift; sourceTree = "<group>"; };
		9C1953B4287871E20051CEC6 /* AppRouterProtocol.swift */ = {isa = PBXFileReference; lastKnownFileType = sourcecode.swift; path = AppRouterProtocol.swift; sourceTree = "<group>"; };
		9C20BAC7287EE642009378FB /* TabBarController.swift */ = {isa = PBXFileReference; lastKnownFileType = sourcecode.swift; path = TabBarController.swift; sourceTree = "<group>"; };
		9C20BACA287EEA1F009378FB /* QuizViewController.swift */ = {isa = PBXFileReference; lastKnownFileType = sourcecode.swift; path = QuizViewController.swift; sourceTree = "<group>"; };
		9C20BACD287EEA4F009378FB /* SearchViewController.swift */ = {isa = PBXFileReference; lastKnownFileType = sourcecode.swift; path = SearchViewController.swift; sourceTree = "<group>"; };
		9C20BACF287EF1DB009378FB /* UserViewModel.swift */ = {isa = PBXFileReference; lastKnownFileType = sourcecode.swift; path = UserViewModel.swift; sourceTree = "<group>"; };
		9C20BAD1287EF25D009378FB /* UserUseCase.swift */ = {isa = PBXFileReference; lastKnownFileType = sourcecode.swift; path = UserUseCase.swift; sourceTree = "<group>"; };
		9CC33B21287D6848002E9853 /* UserDatabaseDataSource.swift */ = {isa = PBXFileReference; lastKnownFileType = sourcecode.swift; path = UserDatabaseDataSource.swift; sourceTree = "<group>"; };
		9CC33B23287D6889002E9853 /* UserRepository.swift */ = {isa = PBXFileReference; lastKnownFileType = sourcecode.swift; path = UserRepository.swift; sourceTree = "<group>"; };
		9CC33B25287D6E2B002E9853 /* SecureStorage.swift */ = {isa = PBXFileReference; lastKnownFileType = sourcecode.swift; path = SecureStorage.swift; sourceTree = "<group>"; };
		9CC33B30287D9F59002E9853 /* CheckNetworkClient.swift */ = {isa = PBXFileReference; lastKnownFileType = sourcecode.swift; path = CheckNetworkClient.swift; sourceTree = "<group>"; };
		9CC33B32287DA19F002E9853 /* NetworkClient.swift */ = {isa = PBXFileReference; lastKnownFileType = sourcecode.swift; path = NetworkClient.swift; sourceTree = "<group>"; };
		9CC33B35287DBCB1002E9853 /* UserViewController.swift */ = {isa = PBXFileReference; lastKnownFileType = sourcecode.swift; path = UserViewController.swift; sourceTree = "<group>"; };
		9CC4D6D5287C10450061F149 /* LoginNetworkClient.swift */ = {isa = PBXFileReference; lastKnownFileType = sourcecode.swift; path = LoginNetworkClient.swift; sourceTree = "<group>"; };
		9CC4D6DC287C1C6B0061F149 /* RequestError.swift */ = {isa = PBXFileReference; lastKnownFileType = sourcecode.swift; path = RequestError.swift; sourceTree = "<group>"; };
		9CC4D6DF287C5A720061F149 /* AppDependencies.swift */ = {isa = PBXFileReference; lastKnownFileType = sourcecode.swift; path = AppDependencies.swift; sourceTree = "<group>"; };
		9CC4D6E1287C6AB30061F149 /* UserNetworkDataSource.swift */ = {isa = PBXFileReference; lastKnownFileType = sourcecode.swift; path = UserNetworkDataSource.swift; sourceTree = "<group>"; };
		9CC4D6E3287C6C8C0061F149 /* LoginUseCase.swift */ = {isa = PBXFileReference; lastKnownFileType = sourcecode.swift; path = LoginUseCase.swift; sourceTree = "<group>"; };
/* End PBXFileReference section */

/* Begin PBXFrameworksBuildPhase section */
		9C195364287584750051CEC6 /* Frameworks */ = {
			isa = PBXFrameworksBuildPhase;
			buildActionMask = 2147483647;
			files = (
				9CC33B2B287D77E5002E9853 /* KeychainSwift in Frameworks */,
				9C19538E2876CF720051CEC6 /* SnapKit in Frameworks */,
			);
			runOnlyForDeploymentPostprocessing = 0;
		};
/* End PBXFrameworksBuildPhase section */

/* Begin PBXGroup section */
		9C19535E287584750051CEC6 = {
			isa = PBXGroup;
			children = (
				9C195369287584750051CEC6 /* QuizApp */,
				9C195368287584750051CEC6 /* Products */,
			);
			sourceTree = "<group>";
		};
		9C195368287584750051CEC6 /* Products */ = {
			isa = PBXGroup;
			children = (
				9C195367287584750051CEC6 /* QuizApp.app */,
			);
			name = Products;
			sourceTree = "<group>";
		};
		9C195369287584750051CEC6 /* QuizApp */ = {
			isa = PBXGroup;
			children = (
				9CC33B20287D6832002E9853 /* Storage */,
				9CC4D6E5287C70170061F149 /* UseCase */,
				9CC4D6DE287C552A0061F149 /* Network */,
				9C1953A32876F9A70051CEC6 /* Fonts */,
				9CC33B37287DBD1F002E9853 /* SharedViews */,
				9C20BAC9287EEA06009378FB /* Quiz */,
				9C20BACC287EEA38009378FB /* Search */,
				9CC33B34287DBC97002E9853 /* User */,
				9C19538F2876D03B0051CEC6 /* Login */,
				9C195373287584770051CEC6 /* Assets.xcassets */,
				9C195375287584770051CEC6 /* LaunchScreen.storyboard */,
				9C195378287584770051CEC6 /* Info.plist */,
				9C19536A287584750051CEC6 /* AppDelegate.swift */,
				9C1953A8287716FE0051CEC6 /* ConstructViewsProtocol.swift */,
				9C1953B4287871E20051CEC6 /* AppRouterProtocol.swift */,
				9C1953B2287871CC0051CEC6 /* AppRouter.swift */,
				9CC4D6DF287C5A720061F149 /* AppDependencies.swift */,
				9CC33B23287D6889002E9853 /* UserRepository.swift */,
				9C20BAC7287EE642009378FB /* TabBarController.swift */,
			);
			path = QuizApp;
			sourceTree = "<group>";
		};
		9C19538F2876D03B0051CEC6 /* Login */ = {
			isa = PBXGroup;
			children = (
				9CC4D6D9287C10FB0061F149 /* ViewModel */,
				9CC4D6D8287C10F40061F149 /* View */,
			);
			path = Login;
			sourceTree = "<group>";
		};
		9C1953A32876F9A70051CEC6 /* Fonts */ = {
			isa = PBXGroup;
			children = (
				9C1953A62876FB430051CEC6 /* SourceSansPro-Regular.ttf */,
			);
			path = Fonts;
			sourceTree = "<group>";
		};
		9C20BAC9287EEA06009378FB /* Quiz */ = {
			isa = PBXGroup;
			children = (
				9C20BACA287EEA1F009378FB /* QuizViewController.swift */,
			);
			path = Quiz;
			sourceTree = "<group>";
		};
		9C20BACC287EEA38009378FB /* Search */ = {
			isa = PBXGroup;
			children = (
				9C20BACD287EEA4F009378FB /* SearchViewController.swift */,
			);
			path = Search;
			sourceTree = "<group>";
		};
		9CC33B20287D6832002E9853 /* Storage */ = {
			isa = PBXGroup;
			children = (
				9CC33B25287D6E2B002E9853 /* SecureStorage.swift */,
				9CC33B21287D6848002E9853 /* UserDatabaseDataSource.swift */,
			);
			path = Storage;
			sourceTree = "<group>";
		};
		9CC33B34287DBC97002E9853 /* User */ = {
			isa = PBXGroup;
			children = (
				9CC33B35287DBCB1002E9853 /* UserViewController.swift */,
				9C20BACF287EF1DB009378FB /* UserViewModel.swift */,
			);
			path = User;
			sourceTree = "<group>";
		};
		9CC33B37287DBD1F002E9853 /* SharedViews */ = {
			isa = PBXGroup;
			children = (
				9C19539B2876F1ED0051CEC6 /* GradientView.swift */,
			);
			path = SharedViews;
			sourceTree = "<group>";
		};
		9CC4D6D8287C10F40061F149 /* View */ = {
			isa = PBXGroup;
			children = (
				9C19536E287584750051CEC6 /* LoginViewController.swift */,
				9C1953932876D3860051CEC6 /* EmailView.swift */,
				9C1953952876D65C0051CEC6 /* PasswordView.swift */,
				9C1953992876DD7D0051CEC6 /* LoginButton.swift */,
				9C1953AA287725590051CEC6 /* TextFieldView.swift */,
				9C1953B02878366A0051CEC6 /* ErrorLabel.swift */,
			);
			path = View;
			sourceTree = "<group>";
		};
		9CC4D6D9287C10FB0061F149 /* ViewModel */ = {
			isa = PBXGroup;
			children = (
				9C1953AE287826BD0051CEC6 /* LoginViewModel.swift */,
			);
			path = ViewModel;
			sourceTree = "<group>";
		};
		9CC4D6DE287C552A0061F149 /* Network */ = {
			isa = PBXGroup;
			children = (
				9CC4D6E1287C6AB30061F149 /* UserNetworkDataSource.swift */,
				9CC4D6DC287C1C6B0061F149 /* RequestError.swift */,
				9CC4D6D5287C10450061F149 /* LoginNetworkClient.swift */,
				9CC33B30287D9F59002E9853 /* CheckNetworkClient.swift */,
				9CC33B32287DA19F002E9853 /* NetworkClient.swift */,
			);
			path = Network;
			sourceTree = "<group>";
		};
		9CC4D6E5287C70170061F149 /* UseCase */ = {
			isa = PBXGroup;
			children = (
				9CC4D6E3287C6C8C0061F149 /* LoginUseCase.swift */,
				9C20BAD1287EF25D009378FB /* UserUseCase.swift */,
			);
			path = UseCase;
			sourceTree = "<group>";
		};
/* End PBXGroup section */

/* Begin PBXNativeTarget section */
		9C195366287584750051CEC6 /* QuizApp */ = {
			isa = PBXNativeTarget;
			buildConfigurationList = 9C19537B287584770051CEC6 /* Build configuration list for PBXNativeTarget "QuizApp" */;
			buildPhases = (
				9C195363287584750051CEC6 /* Sources */,
				9C195364287584750051CEC6 /* Frameworks */,
				9C195365287584750051CEC6 /* Resources */,
				9C19538B2875D7B30051CEC6 /* ShellScript */,
			);
			buildRules = (
			);
			dependencies = (
			);
			name = QuizApp;
			packageProductDependencies = (
				9C19538D2876CF720051CEC6 /* SnapKit */,
				9CC33B2A287D77E5002E9853 /* KeychainSwift */,
			);
			productName = QuizApp;
			productReference = 9C195367287584750051CEC6 /* QuizApp.app */;
			productType = "com.apple.product-type.application";
		};
/* End PBXNativeTarget section */

/* Begin PBXProject section */
		9C19535F287584750051CEC6 /* Project object */ = {
			isa = PBXProject;
			attributes = {
				BuildIndependentTargetsInParallel = 1;
				LastSwiftUpdateCheck = 1340;
				LastUpgradeCheck = 1340;
				TargetAttributes = {
					9C195366287584750051CEC6 = {
						CreatedOnToolsVersion = 13.4.1;
					};
				};
			};
			buildConfigurationList = 9C195362287584750051CEC6 /* Build configuration list for PBXProject "QuizApp" */;
			compatibilityVersion = "Xcode 13.0";
			developmentRegion = en;
			hasScannedForEncodings = 0;
			knownRegions = (
				en,
				Base,
			);
			mainGroup = 9C19535E287584750051CEC6;
			packageReferences = (
				9C19538C2876CF720051CEC6 /* XCRemoteSwiftPackageReference "SnapKit" */,
				9CC33B29287D77E5002E9853 /* XCRemoteSwiftPackageReference "keychain-swift" */,
			);
			productRefGroup = 9C195368287584750051CEC6 /* Products */;
			projectDirPath = "";
			projectRoot = "";
			targets = (
				9C195366287584750051CEC6 /* QuizApp */,
			);
		};
/* End PBXProject section */

/* Begin PBXResourcesBuildPhase section */
		9C195365287584750051CEC6 /* Resources */ = {
			isa = PBXResourcesBuildPhase;
			buildActionMask = 2147483647;
			files = (
				9C1953A72876FB6A0051CEC6 /* SourceSansPro-Regular.ttf in Resources */,
				9C195377287584770051CEC6 /* LaunchScreen.storyboard in Resources */,
				9C195374287584770051CEC6 /* Assets.xcassets in Resources */,
			);
			runOnlyForDeploymentPostprocessing = 0;
		};
/* End PBXResourcesBuildPhase section */

/* Begin PBXShellScriptBuildPhase section */
		9C19538B2875D7B30051CEC6 /* ShellScript */ = {
			isa = PBXShellScriptBuildPhase;
			buildActionMask = 2147483647;
			files = (
			);
			inputFileListPaths = (
			);
			inputPaths = (
			);
			outputFileListPaths = (
			);
			outputPaths = (
			);
			runOnlyForDeploymentPostprocessing = 0;
			shellPath = /bin/sh;
			shellScript = "export PATH=\"$PATH:/opt/homebrew/bin\"\nif which swiftlint > /dev/null; then\n  swiftlint\nelse\n  echo \"warning: SwiftLint not installed, download from https://github.com/realm/SwiftLint\"\nfi\n";
		};
/* End PBXShellScriptBuildPhase section */

/* Begin PBXSourcesBuildPhase section */
		9C195363287584750051CEC6 /* Sources */ = {
			isa = PBXSourcesBuildPhase;
			buildActionMask = 2147483647;
			files = (
				9C19539A2876DD7D0051CEC6 /* LoginButton.swift in Sources */,
				9C20BACB287EEA1F009378FB /* QuizViewController.swift in Sources */,
				9C19536F287584750051CEC6 /* LoginViewController.swift in Sources */,
				9CC4D6E4287C6C8C0061F149 /* LoginUseCase.swift in Sources */,
				9CC33B33287DA19F002E9853 /* NetworkClient.swift in Sources */,
				9C1953AB287725590051CEC6 /* TextFieldView.swift in Sources */,
				9CC4D6E0287C5A720061F149 /* AppDependencies.swift in Sources */,
				9C1953B12878366A0051CEC6 /* ErrorLabel.swift in Sources */,
				9C20BAD2287EF25D009378FB /* UserUseCase.swift in Sources */,
				9C20BACE287EEA4F009378FB /* SearchViewController.swift in Sources */,
				9C19539C2876F1ED0051CEC6 /* GradientView.swift in Sources */,
				9C19536B287584750051CEC6 /* AppDelegate.swift in Sources */,
				9C20BAC8287EE642009378FB /* TabBarController.swift in Sources */,
				9C1953942876D3860051CEC6 /* EmailView.swift in Sources */,
				9C1953B3287871CC0051CEC6 /* AppRouter.swift in Sources */,
				9CC4D6D6287C10450061F149 /* LoginNetworkClient.swift in Sources */,
				9CC4D6E2287C6AB30061F149 /* UserNetworkDataSource.swift in Sources */,
				9CC33B22287D6848002E9853 /* UserDatabaseDataSource.swift in Sources */,
				9C1953A9287716FE0051CEC6 /* ConstructViewsProtocol.swift in Sources */,
				9CC4D6DD287C1C6B0061F149 /* RequestError.swift in Sources */,
				9CC33B31287D9F59002E9853 /* CheckNetworkClient.swift in Sources */,
				9C1953962876D65C0051CEC6 /* PasswordView.swift in Sources */,
				9C1953B5287871E20051CEC6 /* AppRouterProtocol.swift in Sources */,
				9CC33B24287D6889002E9853 /* UserRepository.swift in Sources */,
				9CC33B36287DBCB1002E9853 /* UserViewController.swift in Sources */,
				9CC33B26287D6E2B002E9853 /* SecureStorage.swift in Sources */,
				9C20BAD0287EF1DB009378FB /* UserViewModel.swift in Sources */,
				9C1953AF287826BD0051CEC6 /* LoginViewModel.swift in Sources */,
			);
			runOnlyForDeploymentPostprocessing = 0;
		};
/* End PBXSourcesBuildPhase section */

/* Begin PBXVariantGroup section */
		9C195375287584770051CEC6 /* LaunchScreen.storyboard */ = {
			isa = PBXVariantGroup;
			children = (
				9C195376287584770051CEC6 /* Base */,
			);
			name = LaunchScreen.storyboard;
			sourceTree = "<group>";
		};
/* End PBXVariantGroup section */

/* Begin XCBuildConfiguration section */
		9C195379287584770051CEC6 /* Debug */ = {
			isa = XCBuildConfiguration;
			buildSettings = {
				ALWAYS_SEARCH_USER_PATHS = NO;
				CLANG_ANALYZER_NONNULL = YES;
				CLANG_ANALYZER_NUMBER_OBJECT_CONVERSION = YES_AGGRESSIVE;
				CLANG_CXX_LANGUAGE_STANDARD = "gnu++17";
				CLANG_ENABLE_MODULES = YES;
				CLANG_ENABLE_OBJC_ARC = YES;
				CLANG_ENABLE_OBJC_WEAK = YES;
				CLANG_WARN_BLOCK_CAPTURE_AUTORELEASING = YES;
				CLANG_WARN_BOOL_CONVERSION = YES;
				CLANG_WARN_COMMA = YES;
				CLANG_WARN_CONSTANT_CONVERSION = YES;
				CLANG_WARN_DEPRECATED_OBJC_IMPLEMENTATIONS = YES;
				CLANG_WARN_DIRECT_OBJC_ISA_USAGE = YES_ERROR;
				CLANG_WARN_DOCUMENTATION_COMMENTS = YES;
				CLANG_WARN_EMPTY_BODY = YES;
				CLANG_WARN_ENUM_CONVERSION = YES;
				CLANG_WARN_INFINITE_RECURSION = YES;
				CLANG_WARN_INT_CONVERSION = YES;
				CLANG_WARN_NON_LITERAL_NULL_CONVERSION = YES;
				CLANG_WARN_OBJC_IMPLICIT_RETAIN_SELF = YES;
				CLANG_WARN_OBJC_LITERAL_CONVERSION = YES;
				CLANG_WARN_OBJC_ROOT_CLASS = YES_ERROR;
				CLANG_WARN_QUOTED_INCLUDE_IN_FRAMEWORK_HEADER = YES;
				CLANG_WARN_RANGE_LOOP_ANALYSIS = YES;
				CLANG_WARN_STRICT_PROTOTYPES = YES;
				CLANG_WARN_SUSPICIOUS_MOVE = YES;
				CLANG_WARN_UNGUARDED_AVAILABILITY = YES_AGGRESSIVE;
				CLANG_WARN_UNREACHABLE_CODE = YES;
				CLANG_WARN__DUPLICATE_METHOD_MATCH = YES;
				COPY_PHASE_STRIP = NO;
				DEBUG_INFORMATION_FORMAT = dwarf;
				ENABLE_STRICT_OBJC_MSGSEND = YES;
				ENABLE_TESTABILITY = YES;
				GCC_C_LANGUAGE_STANDARD = gnu11;
				GCC_DYNAMIC_NO_PIC = NO;
				GCC_NO_COMMON_BLOCKS = YES;
				GCC_OPTIMIZATION_LEVEL = 0;
				GCC_PREPROCESSOR_DEFINITIONS = (
					"DEBUG=1",
					"$(inherited)",
				);
				GCC_WARN_64_TO_32_BIT_CONVERSION = YES;
				GCC_WARN_ABOUT_RETURN_TYPE = YES_ERROR;
				GCC_WARN_UNDECLARED_SELECTOR = YES;
				GCC_WARN_UNINITIALIZED_AUTOS = YES_AGGRESSIVE;
				GCC_WARN_UNUSED_FUNCTION = YES;
				GCC_WARN_UNUSED_VARIABLE = YES;
				IPHONEOS_DEPLOYMENT_TARGET = 15.0;
				MTL_ENABLE_DEBUG_INFO = INCLUDE_SOURCE;
				MTL_FAST_MATH = YES;
				ONLY_ACTIVE_ARCH = YES;
				SDKROOT = iphoneos;
				SWIFT_ACTIVE_COMPILATION_CONDITIONS = DEBUG;
				SWIFT_OPTIMIZATION_LEVEL = "-Onone";
			};
			name = Debug;
		};
		9C19537A287584770051CEC6 /* Release */ = {
			isa = XCBuildConfiguration;
			buildSettings = {
				ALWAYS_SEARCH_USER_PATHS = NO;
				CLANG_ANALYZER_NONNULL = YES;
				CLANG_ANALYZER_NUMBER_OBJECT_CONVERSION = YES_AGGRESSIVE;
				CLANG_CXX_LANGUAGE_STANDARD = "gnu++17";
				CLANG_ENABLE_MODULES = YES;
				CLANG_ENABLE_OBJC_ARC = YES;
				CLANG_ENABLE_OBJC_WEAK = YES;
				CLANG_WARN_BLOCK_CAPTURE_AUTORELEASING = YES;
				CLANG_WARN_BOOL_CONVERSION = YES;
				CLANG_WARN_COMMA = YES;
				CLANG_WARN_CONSTANT_CONVERSION = YES;
				CLANG_WARN_DEPRECATED_OBJC_IMPLEMENTATIONS = YES;
				CLANG_WARN_DIRECT_OBJC_ISA_USAGE = YES_ERROR;
				CLANG_WARN_DOCUMENTATION_COMMENTS = YES;
				CLANG_WARN_EMPTY_BODY = YES;
				CLANG_WARN_ENUM_CONVERSION = YES;
				CLANG_WARN_INFINITE_RECURSION = YES;
				CLANG_WARN_INT_CONVERSION = YES;
				CLANG_WARN_NON_LITERAL_NULL_CONVERSION = YES;
				CLANG_WARN_OBJC_IMPLICIT_RETAIN_SELF = YES;
				CLANG_WARN_OBJC_LITERAL_CONVERSION = YES;
				CLANG_WARN_OBJC_ROOT_CLASS = YES_ERROR;
				CLANG_WARN_QUOTED_INCLUDE_IN_FRAMEWORK_HEADER = YES;
				CLANG_WARN_RANGE_LOOP_ANALYSIS = YES;
				CLANG_WARN_STRICT_PROTOTYPES = YES;
				CLANG_WARN_SUSPICIOUS_MOVE = YES;
				CLANG_WARN_UNGUARDED_AVAILABILITY = YES_AGGRESSIVE;
				CLANG_WARN_UNREACHABLE_CODE = YES;
				CLANG_WARN__DUPLICATE_METHOD_MATCH = YES;
				COPY_PHASE_STRIP = NO;
				DEBUG_INFORMATION_FORMAT = "dwarf-with-dsym";
				ENABLE_NS_ASSERTIONS = NO;
				ENABLE_STRICT_OBJC_MSGSEND = YES;
				GCC_C_LANGUAGE_STANDARD = gnu11;
				GCC_NO_COMMON_BLOCKS = YES;
				GCC_WARN_64_TO_32_BIT_CONVERSION = YES;
				GCC_WARN_ABOUT_RETURN_TYPE = YES_ERROR;
				GCC_WARN_UNDECLARED_SELECTOR = YES;
				GCC_WARN_UNINITIALIZED_AUTOS = YES_AGGRESSIVE;
				GCC_WARN_UNUSED_FUNCTION = YES;
				GCC_WARN_UNUSED_VARIABLE = YES;
				IPHONEOS_DEPLOYMENT_TARGET = 15.0;
				MTL_ENABLE_DEBUG_INFO = NO;
				MTL_FAST_MATH = YES;
				SDKROOT = iphoneos;
				SWIFT_COMPILATION_MODE = wholemodule;
				SWIFT_OPTIMIZATION_LEVEL = "-O";
				VALIDATE_PRODUCT = YES;
			};
			name = Release;
		};
		9C19537C287584770051CEC6 /* Debug */ = {
			isa = XCBuildConfiguration;
			buildSettings = {
				ASSETCATALOG_COMPILER_APPICON_NAME = AppIcon;
				ASSETCATALOG_COMPILER_GLOBAL_ACCENT_COLOR_NAME = AccentColor;
				CODE_SIGN_STYLE = Automatic;
				CURRENT_PROJECT_VERSION = 1;
				DEVELOPMENT_TEAM = AWWVAQ2M2R;
				GENERATE_INFOPLIST_FILE = YES;
				INFOPLIST_FILE = QuizApp/Info.plist;
				INFOPLIST_KEY_UIApplicationSupportsIndirectInputEvents = YES;
				INFOPLIST_KEY_UILaunchStoryboardName = LaunchScreen;
				INFOPLIST_KEY_UISupportedInterfaceOrientations_iPad = "UIInterfaceOrientationPortrait UIInterfaceOrientationPortraitUpsideDown UIInterfaceOrientationLandscapeLeft UIInterfaceOrientationLandscapeRight";
				INFOPLIST_KEY_UISupportedInterfaceOrientations_iPhone = "UIInterfaceOrientationPortrait UIInterfaceOrientationLandscapeLeft UIInterfaceOrientationLandscapeRight";
				LD_RUNPATH_SEARCH_PATHS = (
					"$(inherited)",
					"@executable_path/Frameworks",
				);
				MARKETING_VERSION = 1.0;
				PRODUCT_BUNDLE_IDENTIFIER = five.agency.markelic.marin.QuizApp;
				PRODUCT_NAME = "$(TARGET_NAME)";
				SWIFT_EMIT_LOC_STRINGS = YES;
				SWIFT_VERSION = 5.0;
				TARGETED_DEVICE_FAMILY = "1,2";
			};
			name = Debug;
		};
		9C19537D287584770051CEC6 /* Release */ = {
			isa = XCBuildConfiguration;
			buildSettings = {
				ASSETCATALOG_COMPILER_APPICON_NAME = AppIcon;
				ASSETCATALOG_COMPILER_GLOBAL_ACCENT_COLOR_NAME = AccentColor;
				CODE_SIGN_STYLE = Automatic;
				CURRENT_PROJECT_VERSION = 1;
				DEVELOPMENT_TEAM = AWWVAQ2M2R;
				GENERATE_INFOPLIST_FILE = YES;
				INFOPLIST_FILE = QuizApp/Info.plist;
				INFOPLIST_KEY_UIApplicationSupportsIndirectInputEvents = YES;
				INFOPLIST_KEY_UILaunchStoryboardName = LaunchScreen;
				INFOPLIST_KEY_UISupportedInterfaceOrientations_iPad = "UIInterfaceOrientationPortrait UIInterfaceOrientationPortraitUpsideDown UIInterfaceOrientationLandscapeLeft UIInterfaceOrientationLandscapeRight";
				INFOPLIST_KEY_UISupportedInterfaceOrientations_iPhone = "UIInterfaceOrientationPortrait UIInterfaceOrientationLandscapeLeft UIInterfaceOrientationLandscapeRight";
				LD_RUNPATH_SEARCH_PATHS = (
					"$(inherited)",
					"@executable_path/Frameworks",
				);
				MARKETING_VERSION = 1.0;
				PRODUCT_BUNDLE_IDENTIFIER = five.agency.markelic.marin.QuizApp;
				PRODUCT_NAME = "$(TARGET_NAME)";
				SWIFT_EMIT_LOC_STRINGS = YES;
				SWIFT_VERSION = 5.0;
				TARGETED_DEVICE_FAMILY = "1,2";
			};
			name = Release;
		};
/* End XCBuildConfiguration section */

/* Begin XCConfigurationList section */
		9C195362287584750051CEC6 /* Build configuration list for PBXProject "QuizApp" */ = {
			isa = XCConfigurationList;
			buildConfigurations = (
				9C195379287584770051CEC6 /* Debug */,
				9C19537A287584770051CEC6 /* Release */,
			);
			defaultConfigurationIsVisible = 0;
			defaultConfigurationName = Release;
		};
		9C19537B287584770051CEC6 /* Build configuration list for PBXNativeTarget "QuizApp" */ = {
			isa = XCConfigurationList;
			buildConfigurations = (
				9C19537C287584770051CEC6 /* Debug */,
				9C19537D287584770051CEC6 /* Release */,
			);
			defaultConfigurationIsVisible = 0;
			defaultConfigurationName = Release;
		};
/* End XCConfigurationList section */

/* Begin XCRemoteSwiftPackageReference section */
		9C19538C2876CF720051CEC6 /* XCRemoteSwiftPackageReference "SnapKit" */ = {
			isa = XCRemoteSwiftPackageReference;
			repositoryURL = "https://github.com/SnapKit/SnapKit.git";
			requirement = {
				kind = upToNextMajorVersion;
				minimumVersion = 5.0.0;
			};
		};
		9CC33B29287D77E5002E9853 /* XCRemoteSwiftPackageReference "keychain-swift" */ = {
			isa = XCRemoteSwiftPackageReference;
			repositoryURL = "https://github.com/evgenyneu/keychain-swift";
			requirement = {
				branch = master;
				kind = branch;
			};
		};
/* End XCRemoteSwiftPackageReference section */

/* Begin XCSwiftPackageProductDependency section */
		9C19538D2876CF720051CEC6 /* SnapKit */ = {
			isa = XCSwiftPackageProductDependency;
			package = 9C19538C2876CF720051CEC6 /* XCRemoteSwiftPackageReference "SnapKit" */;
			productName = SnapKit;
		};
		9CC33B2A287D77E5002E9853 /* KeychainSwift */ = {
			isa = XCSwiftPackageProductDependency;
			package = 9CC33B29287D77E5002E9853 /* XCRemoteSwiftPackageReference "keychain-swift" */;
			productName = KeychainSwift;
		};
/* End XCSwiftPackageProductDependency section */
	};
	rootObject = 9C19535F287584750051CEC6 /* Project object */;
}
