// !$*UTF8*$!
{
	archiveVersion = 1;
	classes = {
	};
	objectVersion = 55;
	objects = {

/* Begin PBXBuildFile section */
		9C01635428ACDCFF004C7270 /* LoginView.swift in Sources */ = {isa = PBXBuildFile; fileRef = 9C01635328ACDCFF004C7270 /* LoginView.swift */; };
		9C01635628ACE1CC004C7270 /* GradientBackground.swift in Sources */ = {isa = PBXBuildFile; fileRef = 9C01635528ACE1CC004C7270 /* GradientBackground.swift */; };
		9C01635828ACEA9D004C7270 /* UserInputView.swift in Sources */ = {isa = PBXBuildFile; fileRef = 9C01635728ACEA9D004C7270 /* UserInputView.swift */; };
		9C01635A28ACEB23004C7270 /* RoundedTextField.swift in Sources */ = {isa = PBXBuildFile; fileRef = 9C01635928ACEB23004C7270 /* RoundedTextField.swift */; };
		9C030BDC289BEDE4001F1182 /* SearchBar.swift in Sources */ = {isa = PBXBuildFile; fileRef = 9C030BDB289BEDE4001F1182 /* SearchBar.swift */; };
		9C030BDE289BF3AF001F1182 /* SearchViewModel.swift in Sources */ = {isa = PBXBuildFile; fileRef = 9C030BDD289BF3AF001F1182 /* SearchViewModel.swift */; };
		9C0481E2288FEFFD0095247C /* SolvingQuizUseCase.swift in Sources */ = {isa = PBXBuildFile; fileRef = 9C0481E1288FEFFD0095247C /* SolvingQuizUseCase.swift */; };
		9C0481E9288FFD1B0095247C /* SolvingQuizViewModel.swift in Sources */ = {isa = PBXBuildFile; fileRef = 9C0481E8288FFD1B0095247C /* SolvingQuizViewModel.swift */; };
		9C08B8622897C1C8001F56BD /* SolvingQuizModels.swift in Sources */ = {isa = PBXBuildFile; fileRef = 9C08B8612897C1C8001F56BD /* SolvingQuizModels.swift */; };
		9C08B8642897D02C001F56BD /* QuizResultModels.swift in Sources */ = {isa = PBXBuildFile; fileRef = 9C08B8632897D02C001F56BD /* QuizResultModels.swift */; };
		9C08B86828981775001F56BD /* LeaderboardUseCase.swift in Sources */ = {isa = PBXBuildFile; fileRef = 9C08B86728981775001F56BD /* LeaderboardUseCase.swift */; };
		9C08B86D289819EB001F56BD /* LeaderboardViewModel.swift in Sources */ = {isa = PBXBuildFile; fileRef = 9C08B86C289819EB001F56BD /* LeaderboardViewModel.swift */; };
		9C08B86F28981AA0001F56BD /* LeaderboardModels.swift in Sources */ = {isa = PBXBuildFile; fileRef = 9C08B86E28981AA0001F56BD /* LeaderboardModels.swift */; };
		9C0D815428940D2C00C6D236 /* QuizResultViewModel.swift in Sources */ = {isa = PBXBuildFile; fileRef = 9C0D815328940D2C00C6D236 /* QuizResultViewModel.swift */; };
		9C19536B287584750051CEC6 /* AppDelegate.swift in Sources */ = {isa = PBXBuildFile; fileRef = 9C19536A287584750051CEC6 /* AppDelegate.swift */; };
		9C195374287584770051CEC6 /* Assets.xcassets in Resources */ = {isa = PBXBuildFile; fileRef = 9C195373287584770051CEC6 /* Assets.xcassets */; };
		9C195377287584770051CEC6 /* LaunchScreen.storyboard in Resources */ = {isa = PBXBuildFile; fileRef = 9C195375287584770051CEC6 /* LaunchScreen.storyboard */; };
		9C19538E2876CF720051CEC6 /* SnapKit in Frameworks */ = {isa = PBXBuildFile; productRef = 9C19538D2876CF720051CEC6 /* SnapKit */; };
		9C19539C2876F1ED0051CEC6 /* GradientView.swift in Sources */ = {isa = PBXBuildFile; fileRef = 9C19539B2876F1ED0051CEC6 /* GradientView.swift */; };
		9C1953A72876FB6A0051CEC6 /* SourceSansPro-Regular.ttf in Resources */ = {isa = PBXBuildFile; fileRef = 9C1953A62876FB430051CEC6 /* SourceSansPro-Regular.ttf */; };
		9C1953A9287716FE0051CEC6 /* ConstructViewsProtocol.swift in Sources */ = {isa = PBXBuildFile; fileRef = 9C1953A8287716FE0051CEC6 /* ConstructViewsProtocol.swift */; };
		9C1953AB287725590051CEC6 /* TextFieldView.swift in Sources */ = {isa = PBXBuildFile; fileRef = 9C1953AA287725590051CEC6 /* TextFieldView.swift */; };
		9C1953AF287826BD0051CEC6 /* LoginViewModel.swift in Sources */ = {isa = PBXBuildFile; fileRef = 9C1953AE287826BD0051CEC6 /* LoginViewModel.swift */; };
		9C1C76D328803AA9006217A9 /* UserNetworkClient.swift in Sources */ = {isa = PBXBuildFile; fileRef = 9C1C76D228803AA9006217A9 /* UserNetworkClient.swift */; };
		9C20BAC8287EE642009378FB /* TabBarController.swift in Sources */ = {isa = PBXBuildFile; fileRef = 9C20BAC7287EE642009378FB /* TabBarController.swift */; };
		9C20BAD0287EF1DB009378FB /* UserViewModel.swift in Sources */ = {isa = PBXBuildFile; fileRef = 9C20BACF287EF1DB009378FB /* UserViewModel.swift */; };
		9C20BAD2287EF25D009378FB /* UserUseCase.swift in Sources */ = {isa = PBXBuildFile; fileRef = 9C20BAD1287EF25D009378FB /* UserUseCase.swift */; };
		9C20BAD6287F01AC009378FB /* CustomButton.swift in Sources */ = {isa = PBXBuildFile; fileRef = 9C20BAD5287F01AC009378FB /* CustomButton.swift */; };
		9C20BAD8287F17F2009378FB /* LogOutUseCase.swift in Sources */ = {isa = PBXBuildFile; fileRef = 9C20BAD7287F17F2009378FB /* LogOutUseCase.swift */; };
		9C22EA7F28B386DE00F8E069 /* CategorySlider.swift in Sources */ = {isa = PBXBuildFile; fileRef = 9C22EA7E28B386DE00F8E069 /* CategorySlider.swift */; };
		9C22EA8228B3AE2F00F8E069 /* QuizResultView.swift in Sources */ = {isa = PBXBuildFile; fileRef = 9C22EA8128B3AE2F00F8E069 /* QuizResultView.swift */; };
		9C22EA8428B3BA7300F8E069 /* SolvingQuizView.swift in Sources */ = {isa = PBXBuildFile; fileRef = 9C22EA8328B3BA7300F8E069 /* SolvingQuizView.swift */; };
		9C22EA8628B3C01C00F8E069 /* ProgressView.swift in Sources */ = {isa = PBXBuildFile; fileRef = 9C22EA8528B3C01C00F8E069 /* ProgressView.swift */; };
		9C22EA8A28B3D86600F8E069 /* UIKit+Extensions.swift in Sources */ = {isa = PBXBuildFile; fileRef = 9C22EA8928B3D86600F8E069 /* UIKit+Extensions.swift */; };
		9C25C88C288810B5000C4C90 /* QuizRepository.swift in Sources */ = {isa = PBXBuildFile; fileRef = 9C25C88B288810B5000C4C90 /* QuizRepository.swift */; };
		9C25C88E28881111000C4C90 /* QuizNetworkDataSource.swift in Sources */ = {isa = PBXBuildFile; fileRef = 9C25C88D28881111000C4C90 /* QuizNetworkDataSource.swift */; };
		9C25C89428882613000C4C90 /* SDWebImage in Frameworks */ = {isa = PBXBuildFile; productRef = 9C25C89328882613000C4C90 /* SDWebImage */; };
		9C25C8B22888428A000C4C90 /* UserModels.swift in Sources */ = {isa = PBXBuildFile; fileRef = 9C25C8B12888428A000C4C90 /* UserModels.swift */; };
		9C327E50289A7F31003787C0 /* Fonts.swift in Sources */ = {isa = PBXBuildFile; fileRef = 9C327E4F289A7F31003787C0 /* Fonts.swift */; };
		9C327E52289A9D8C003787C0 /* SourceSansPro-SemiBold.ttf in Resources */ = {isa = PBXBuildFile; fileRef = 9C327E51289A9D49003787C0 /* SourceSansPro-SemiBold.ttf */; };
		9C327E55289AC6A4003787C0 /* SourceSansPro-Bold.ttf in Resources */ = {isa = PBXBuildFile; fileRef = 9C42E0C12881A74700B2B9FF /* SourceSansPro-Bold.ttf */; };
		9C327E57289AC7CF003787C0 /* Combine+Extensions.swift in Sources */ = {isa = PBXBuildFile; fileRef = 9C327E56289AC7CF003787C0 /* Combine+Extensions.swift */; };
		9C327E59289ACBD0003787C0 /* UIControl+Extensions.swift in Sources */ = {isa = PBXBuildFile; fileRef = 9C327E58289ACBD0003787C0 /* UIControl+Extensions.swift */; };
		9C42646028AF858F008D4C20 /* SwiftUI+Extensions.swift in Sources */ = {isa = PBXBuildFile; fileRef = 9C42645F28AF858F008D4C20 /* SwiftUI+Extensions.swift */; };
		9C42646428AFA74D008D4C20 /* SearchView.swift in Sources */ = {isa = PBXBuildFile; fileRef = 9C42646328AFA74D008D4C20 /* SearchView.swift */; };
		9C42646628AFBEDD008D4C20 /* QuizListView.swift in Sources */ = {isa = PBXBuildFile; fileRef = 9C42646528AFBEDD008D4C20 /* QuizListView.swift */; };
		9C42646828AFBEFF008D4C20 /* QuizListCell.swift in Sources */ = {isa = PBXBuildFile; fileRef = 9C42646728AFBEFF008D4C20 /* QuizListCell.swift */; };
		9C42646A28AFBF23008D4C20 /* QuizListDifficultyView.swift in Sources */ = {isa = PBXBuildFile; fileRef = 9C42646928AFBF23008D4C20 /* QuizListDifficultyView.swift */; };
		9C42E0C42881A9A100B2B9FF /* QuizView.swift in Sources */ = {isa = PBXBuildFile; fileRef = 9C42E0C32881A9A100B2B9FF /* QuizView.swift */; };
		9C4807DC28899E24002D097D /* UseCaseModels.swift in Sources */ = {isa = PBXBuildFile; fileRef = 9C4807DB28899E24002D097D /* UseCaseModels.swift */; };
		9C4807DE28899E9E002D097D /* RepoModels.swift in Sources */ = {isa = PBXBuildFile; fileRef = 9C4807DD28899E9E002D097D /* RepoModels.swift */; };
		9C4807E028899EF7002D097D /* DataSourceModels.swift in Sources */ = {isa = PBXBuildFile; fileRef = 9C4807DF28899EF7002D097D /* DataSourceModels.swift */; };
		9C4807E22889A088002D097D /* NetworkModels.swift in Sources */ = {isa = PBXBuildFile; fileRef = 9C4807E12889A088002D097D /* NetworkModels.swift */; };
		9C4807E4288A996D002D097D /* ErrorView.swift in Sources */ = {isa = PBXBuildFile; fileRef = 9C4807E3288A996C002D097D /* ErrorView.swift */; };
		9C4807EA288AE033002D097D /* Resolver in Frameworks */ = {isa = PBXBuildFile; productRef = 9C4807E9288AE033002D097D /* Resolver */; };
		9C5024D328912DE300B93FDB /* QuizDetailsViewModel.swift in Sources */ = {isa = PBXBuildFile; fileRef = 9C5024D228912DE300B93FDB /* QuizDetailsViewModel.swift */; };
		9C5F21942886AFF5000C3511 /* Colors.swift in Sources */ = {isa = PBXBuildFile; fileRef = 9C5F21932886AFF5000C3511 /* Colors.swift */; };
		9C668A9D28AE405D001D6920 /* UserInfoView.swift in Sources */ = {isa = PBXBuildFile; fileRef = 9C668A9C28AE405D001D6920 /* UserInfoView.swift */; };
		9C668AA328AE5A5E001D6920 /* LeaderboardView.swift in Sources */ = {isa = PBXBuildFile; fileRef = 9C668AA228AE5A5E001D6920 /* LeaderboardView.swift */; };
		9C668AA528AE5ACB001D6920 /* LeaderboardHeader.swift in Sources */ = {isa = PBXBuildFile; fileRef = 9C668AA428AE5ACB001D6920 /* LeaderboardHeader.swift */; };
		9C668AA728AE5CC1001D6920 /* LeaderboardList.swift in Sources */ = {isa = PBXBuildFile; fileRef = 9C668AA628AE5CC1001D6920 /* LeaderboardList.swift */; };
		9C668AA928AE5CE3001D6920 /* LeaderboardCell.swift in Sources */ = {isa = PBXBuildFile; fileRef = 9C668AA828AE5CE3001D6920 /* LeaderboardCell.swift */; };
		9C668AAD28AE84C8001D6920 /* QuizDetailsView.swift in Sources */ = {isa = PBXBuildFile; fileRef = 9C668AAC28AE84C8001D6920 /* QuizDetailsView.swift */; };
		9C668AAF28AE896C001D6920 /* DetailsView.swift in Sources */ = {isa = PBXBuildFile; fileRef = 9C668AAE28AE896C001D6920 /* DetailsView.swift */; };
		9C668AB228AE8BA1001D6920 /* SDWebImageSwiftUI in Frameworks */ = {isa = PBXBuildFile; productRef = 9C668AB128AE8BA1001D6920 /* SDWebImageSwiftUI */; };
		9C668AB428AE8F89001D6920 /* CenteredScrollView.swift in Sources */ = {isa = PBXBuildFile; fileRef = 9C668AB328AE8F89001D6920 /* CenteredScrollView.swift */; };
		9CADE93D28AD343500B04380 /* SettingsView.swift in Sources */ = {isa = PBXBuildFile; fileRef = 9CADE93C28AD343500B04380 /* SettingsView.swift */; };
		9CC33B22287D6848002E9853 /* UserDatabaseDataSource.swift in Sources */ = {isa = PBXBuildFile; fileRef = 9CC33B21287D6848002E9853 /* UserDatabaseDataSource.swift */; };
		9CC33B24287D6889002E9853 /* UserRepository.swift in Sources */ = {isa = PBXBuildFile; fileRef = 9CC33B23287D6889002E9853 /* UserRepository.swift */; };
		9CC33B26287D6E2B002E9853 /* SecureStorage.swift in Sources */ = {isa = PBXBuildFile; fileRef = 9CC33B25287D6E2B002E9853 /* SecureStorage.swift */; };
		9CC33B2B287D77E5002E9853 /* KeychainSwift in Frameworks */ = {isa = PBXBuildFile; productRef = 9CC33B2A287D77E5002E9853 /* KeychainSwift */; };
		9CC33B31287D9F59002E9853 /* CheckNetworkClient.swift in Sources */ = {isa = PBXBuildFile; fileRef = 9CC33B30287D9F59002E9853 /* CheckNetworkClient.swift */; };
		9CC33B33287DA19F002E9853 /* NetworkClient.swift in Sources */ = {isa = PBXBuildFile; fileRef = 9CC33B32287DA19F002E9853 /* NetworkClient.swift */; };
		9CC4D6D6287C10450061F149 /* LoginNetworkClient.swift in Sources */ = {isa = PBXBuildFile; fileRef = 9CC4D6D5287C10450061F149 /* LoginNetworkClient.swift */; };
		9CC4D6DD287C1C6B0061F149 /* RequestError.swift in Sources */ = {isa = PBXBuildFile; fileRef = 9CC4D6DC287C1C6B0061F149 /* RequestError.swift */; };
		9CC4D6E0287C5A720061F149 /* AppDependencies.swift in Sources */ = {isa = PBXBuildFile; fileRef = 9CC4D6DF287C5A720061F149 /* AppDependencies.swift */; };
		9CC4D6E2287C6AB30061F149 /* UserNetworkDataSource.swift in Sources */ = {isa = PBXBuildFile; fileRef = 9CC4D6E1287C6AB30061F149 /* UserNetworkDataSource.swift */; };
		9CC4D6E4287C6C8C0061F149 /* LoginUseCase.swift in Sources */ = {isa = PBXBuildFile; fileRef = 9CC4D6E3287C6C8C0061F149 /* LoginUseCase.swift */; };
		9CC5FAE728B4D9AA0085254F /* QuestionView.swift in Sources */ = {isa = PBXBuildFile; fileRef = 9CC5FAE628B4D9AA0085254F /* QuestionView.swift */; };
		9CC5FAE928B4ED760085254F /* TabBarView.swift in Sources */ = {isa = PBXBuildFile; fileRef = 9CC5FAE828B4ED760085254F /* TabBarView.swift */; };
		9CDADEF628BE052C00B6404B /* UIPilot in Frameworks */ = {isa = PBXBuildFile; productRef = 9CDADEF528BE052C00B6404B /* UIPilot */; };
		9CDADEF828BE059000B6404B /* UIPilot.swift in Sources */ = {isa = PBXBuildFile; fileRef = 9CDADEF728BE059000B6404B /* UIPilot.swift */; };
		9CDADEFA28BE05CF00B6404B /* QuizSelectionView.swift in Sources */ = {isa = PBXBuildFile; fileRef = 9CDADEF928BE05CF00B6404B /* QuizSelectionView.swift */; };
		9CDADEFC28BE0CE000B6404B /* SearchSelectionView.swift in Sources */ = {isa = PBXBuildFile; fileRef = 9CDADEFB28BE0CE000B6404B /* SearchSelectionView.swift */; };
		9CE188D128B7A1BB0034E07D /* ContentView.swift in Sources */ = {isa = PBXBuildFile; fileRef = 9CE188D028B7A1BB0034E07D /* ContentView.swift */; };
		9CE188D928B91EAB0034E07D /* LazyViewSwiftUI in Frameworks */ = {isa = PBXBuildFile; productRef = 9CE188D828B91EAB0034E07D /* LazyViewSwiftUI */; };
		9CFCC2F42885532A00B01343 /* QuizViewModel.swift in Sources */ = {isa = PBXBuildFile; fileRef = 9CFCC2F32885532A00B01343 /* QuizViewModel.swift */; };
		9CFCC2F82885547600B01343 /* QuizModels.swift in Sources */ = {isa = PBXBuildFile; fileRef = 9CFCC2F72885547600B01343 /* QuizModels.swift */; };
		9CFCC2FE2885871000B01343 /* QuizUseCase.swift in Sources */ = {isa = PBXBuildFile; fileRef = 9CFCC2FD2885871000B01343 /* QuizUseCase.swift */; };
		9CFCC30028858A1E00B01343 /* QuizNetworkClient.swift in Sources */ = {isa = PBXBuildFile; fileRef = 9CFCC2FF28858A1E00B01343 /* QuizNetworkClient.swift */; };
/* End PBXBuildFile section */

/* Begin PBXFileReference section */
		9C01635328ACDCFF004C7270 /* LoginView.swift */ = {isa = PBXFileReference; lastKnownFileType = sourcecode.swift; path = LoginView.swift; sourceTree = "<group>"; };
		9C01635528ACE1CC004C7270 /* GradientBackground.swift */ = {isa = PBXFileReference; lastKnownFileType = sourcecode.swift; path = GradientBackground.swift; sourceTree = "<group>"; };
		9C01635728ACEA9D004C7270 /* UserInputView.swift */ = {isa = PBXFileReference; lastKnownFileType = sourcecode.swift; path = UserInputView.swift; sourceTree = "<group>"; };
		9C01635928ACEB23004C7270 /* RoundedTextField.swift */ = {isa = PBXFileReference; lastKnownFileType = sourcecode.swift; path = RoundedTextField.swift; sourceTree = "<group>"; };
		9C030BDB289BEDE4001F1182 /* SearchBar.swift */ = {isa = PBXFileReference; lastKnownFileType = sourcecode.swift; path = SearchBar.swift; sourceTree = "<group>"; };
		9C030BDD289BF3AF001F1182 /* SearchViewModel.swift */ = {isa = PBXFileReference; lastKnownFileType = sourcecode.swift; path = SearchViewModel.swift; sourceTree = "<group>"; };
		9C0481E1288FEFFD0095247C /* SolvingQuizUseCase.swift */ = {isa = PBXFileReference; lastKnownFileType = sourcecode.swift; path = SolvingQuizUseCase.swift; sourceTree = "<group>"; };
		9C0481E8288FFD1B0095247C /* SolvingQuizViewModel.swift */ = {isa = PBXFileReference; lastKnownFileType = sourcecode.swift; path = SolvingQuizViewModel.swift; sourceTree = "<group>"; };
		9C08B8612897C1C8001F56BD /* SolvingQuizModels.swift */ = {isa = PBXFileReference; lastKnownFileType = sourcecode.swift; path = SolvingQuizModels.swift; sourceTree = "<group>"; };
		9C08B8632897D02C001F56BD /* QuizResultModels.swift */ = {isa = PBXFileReference; lastKnownFileType = sourcecode.swift; path = QuizResultModels.swift; sourceTree = "<group>"; };
		9C08B86728981775001F56BD /* LeaderboardUseCase.swift */ = {isa = PBXFileReference; lastKnownFileType = sourcecode.swift; path = LeaderboardUseCase.swift; sourceTree = "<group>"; };
		9C08B86C289819EB001F56BD /* LeaderboardViewModel.swift */ = {isa = PBXFileReference; lastKnownFileType = sourcecode.swift; path = LeaderboardViewModel.swift; sourceTree = "<group>"; };
		9C08B86E28981AA0001F56BD /* LeaderboardModels.swift */ = {isa = PBXFileReference; lastKnownFileType = sourcecode.swift; path = LeaderboardModels.swift; sourceTree = "<group>"; };
		9C0D815328940D2C00C6D236 /* QuizResultViewModel.swift */ = {isa = PBXFileReference; lastKnownFileType = sourcecode.swift; path = QuizResultViewModel.swift; sourceTree = "<group>"; };
		9C195367287584750051CEC6 /* QuizApp.app */ = {isa = PBXFileReference; explicitFileType = wrapper.application; includeInIndex = 0; path = QuizApp.app; sourceTree = BUILT_PRODUCTS_DIR; };
		9C19536A287584750051CEC6 /* AppDelegate.swift */ = {isa = PBXFileReference; lastKnownFileType = sourcecode.swift; path = AppDelegate.swift; sourceTree = "<group>"; };
		9C195373287584770051CEC6 /* Assets.xcassets */ = {isa = PBXFileReference; lastKnownFileType = folder.assetcatalog; path = Assets.xcassets; sourceTree = "<group>"; };
		9C195376287584770051CEC6 /* Base */ = {isa = PBXFileReference; lastKnownFileType = file.storyboard; name = Base; path = Base.lproj/LaunchScreen.storyboard; sourceTree = "<group>"; };
		9C195378287584770051CEC6 /* Info.plist */ = {isa = PBXFileReference; lastKnownFileType = text.plist.xml; path = Info.plist; sourceTree = "<group>"; };
		9C19539B2876F1ED0051CEC6 /* GradientView.swift */ = {isa = PBXFileReference; lastKnownFileType = sourcecode.swift; path = GradientView.swift; sourceTree = "<group>"; };
		9C1953A62876FB430051CEC6 /* SourceSansPro-Regular.ttf */ = {isa = PBXFileReference; lastKnownFileType = file; path = "SourceSansPro-Regular.ttf"; sourceTree = "<group>"; };
		9C1953A8287716FE0051CEC6 /* ConstructViewsProtocol.swift */ = {isa = PBXFileReference; lastKnownFileType = sourcecode.swift; path = ConstructViewsProtocol.swift; sourceTree = "<group>"; };
		9C1953AA287725590051CEC6 /* TextFieldView.swift */ = {isa = PBXFileReference; lastKnownFileType = sourcecode.swift; path = TextFieldView.swift; sourceTree = "<group>"; };
		9C1953AE287826BD0051CEC6 /* LoginViewModel.swift */ = {isa = PBXFileReference; lastKnownFileType = sourcecode.swift; path = LoginViewModel.swift; sourceTree = "<group>"; };
		9C1C76D228803AA9006217A9 /* UserNetworkClient.swift */ = {isa = PBXFileReference; lastKnownFileType = sourcecode.swift; path = UserNetworkClient.swift; sourceTree = "<group>"; };
		9C20BAC7287EE642009378FB /* TabBarController.swift */ = {isa = PBXFileReference; lastKnownFileType = sourcecode.swift; path = TabBarController.swift; sourceTree = "<group>"; };
		9C20BACF287EF1DB009378FB /* UserViewModel.swift */ = {isa = PBXFileReference; lastKnownFileType = sourcecode.swift; path = UserViewModel.swift; sourceTree = "<group>"; };
		9C20BAD1287EF25D009378FB /* UserUseCase.swift */ = {isa = PBXFileReference; lastKnownFileType = sourcecode.swift; path = UserUseCase.swift; sourceTree = "<group>"; };
		9C20BAD5287F01AC009378FB /* CustomButton.swift */ = {isa = PBXFileReference; lastKnownFileType = sourcecode.swift; path = CustomButton.swift; sourceTree = "<group>"; };
		9C20BAD7287F17F2009378FB /* LogOutUseCase.swift */ = {isa = PBXFileReference; lastKnownFileType = sourcecode.swift; path = LogOutUseCase.swift; sourceTree = "<group>"; };
		9C22EA7E28B386DE00F8E069 /* CategorySlider.swift */ = {isa = PBXFileReference; lastKnownFileType = sourcecode.swift; path = CategorySlider.swift; sourceTree = "<group>"; };
		9C22EA8128B3AE2F00F8E069 /* QuizResultView.swift */ = {isa = PBXFileReference; lastKnownFileType = sourcecode.swift; path = QuizResultView.swift; sourceTree = "<group>"; };
		9C22EA8328B3BA7300F8E069 /* SolvingQuizView.swift */ = {isa = PBXFileReference; lastKnownFileType = sourcecode.swift; path = SolvingQuizView.swift; sourceTree = "<group>"; };
		9C22EA8528B3C01C00F8E069 /* ProgressView.swift */ = {isa = PBXFileReference; lastKnownFileType = sourcecode.swift; path = ProgressView.swift; sourceTree = "<group>"; };
		9C22EA8928B3D86600F8E069 /* UIKit+Extensions.swift */ = {isa = PBXFileReference; lastKnownFileType = sourcecode.swift; path = "UIKit+Extensions.swift"; sourceTree = "<group>"; };
		9C25C88B288810B5000C4C90 /* QuizRepository.swift */ = {isa = PBXFileReference; lastKnownFileType = sourcecode.swift; path = QuizRepository.swift; sourceTree = "<group>"; };
		9C25C88D28881111000C4C90 /* QuizNetworkDataSource.swift */ = {isa = PBXFileReference; lastKnownFileType = sourcecode.swift; path = QuizNetworkDataSource.swift; sourceTree = "<group>"; };
		9C25C8B12888428A000C4C90 /* UserModels.swift */ = {isa = PBXFileReference; lastKnownFileType = sourcecode.swift; path = UserModels.swift; sourceTree = "<group>"; };
		9C327E4F289A7F31003787C0 /* Fonts.swift */ = {isa = PBXFileReference; lastKnownFileType = sourcecode.swift; path = Fonts.swift; sourceTree = "<group>"; };
		9C327E51289A9D49003787C0 /* SourceSansPro-SemiBold.ttf */ = {isa = PBXFileReference; lastKnownFileType = file; path = "SourceSansPro-SemiBold.ttf"; sourceTree = "<group>"; };
		9C327E56289AC7CF003787C0 /* Combine+Extensions.swift */ = {isa = PBXFileReference; lastKnownFileType = sourcecode.swift; path = "Combine+Extensions.swift"; sourceTree = "<group>"; };
		9C327E58289ACBD0003787C0 /* UIControl+Extensions.swift */ = {isa = PBXFileReference; lastKnownFileType = sourcecode.swift; path = "UIControl+Extensions.swift"; sourceTree = "<group>"; };
		9C42645F28AF858F008D4C20 /* SwiftUI+Extensions.swift */ = {isa = PBXFileReference; lastKnownFileType = sourcecode.swift; path = "SwiftUI+Extensions.swift"; sourceTree = "<group>"; };
		9C42646328AFA74D008D4C20 /* SearchView.swift */ = {isa = PBXFileReference; lastKnownFileType = sourcecode.swift; path = SearchView.swift; sourceTree = "<group>"; };
		9C42646528AFBEDD008D4C20 /* QuizListView.swift */ = {isa = PBXFileReference; lastKnownFileType = sourcecode.swift; path = QuizListView.swift; sourceTree = "<group>"; };
		9C42646728AFBEFF008D4C20 /* QuizListCell.swift */ = {isa = PBXFileReference; lastKnownFileType = sourcecode.swift; path = QuizListCell.swift; sourceTree = "<group>"; };
		9C42646928AFBF23008D4C20 /* QuizListDifficultyView.swift */ = {isa = PBXFileReference; lastKnownFileType = sourcecode.swift; path = QuizListDifficultyView.swift; sourceTree = "<group>"; };
		9C42E0C12881A74700B2B9FF /* SourceSansPro-Bold.ttf */ = {isa = PBXFileReference; lastKnownFileType = file; path = "SourceSansPro-Bold.ttf"; sourceTree = "<group>"; };
		9C42E0C32881A9A100B2B9FF /* QuizView.swift */ = {isa = PBXFileReference; lastKnownFileType = sourcecode.swift; path = QuizView.swift; sourceTree = "<group>"; };
		9C4807DB28899E24002D097D /* UseCaseModels.swift */ = {isa = PBXFileReference; lastKnownFileType = sourcecode.swift; path = UseCaseModels.swift; sourceTree = "<group>"; };
		9C4807DD28899E9E002D097D /* RepoModels.swift */ = {isa = PBXFileReference; lastKnownFileType = sourcecode.swift; path = RepoModels.swift; sourceTree = "<group>"; };
		9C4807DF28899EF7002D097D /* DataSourceModels.swift */ = {isa = PBXFileReference; lastKnownFileType = sourcecode.swift; path = DataSourceModels.swift; sourceTree = "<group>"; };
		9C4807E12889A088002D097D /* NetworkModels.swift */ = {isa = PBXFileReference; lastKnownFileType = sourcecode.swift; path = NetworkModels.swift; sourceTree = "<group>"; };
		9C4807E3288A996C002D097D /* ErrorView.swift */ = {isa = PBXFileReference; lastKnownFileType = sourcecode.swift; path = ErrorView.swift; sourceTree = "<group>"; };
		9C5024D228912DE300B93FDB /* QuizDetailsViewModel.swift */ = {isa = PBXFileReference; lastKnownFileType = sourcecode.swift; path = QuizDetailsViewModel.swift; sourceTree = "<group>"; };
		9C5F21932886AFF5000C3511 /* Colors.swift */ = {isa = PBXFileReference; lastKnownFileType = sourcecode.swift; path = Colors.swift; sourceTree = "<group>"; };
		9C668A9C28AE405D001D6920 /* UserInfoView.swift */ = {isa = PBXFileReference; lastKnownFileType = sourcecode.swift; path = UserInfoView.swift; sourceTree = "<group>"; };
		9C668AA228AE5A5E001D6920 /* LeaderboardView.swift */ = {isa = PBXFileReference; lastKnownFileType = sourcecode.swift; path = LeaderboardView.swift; sourceTree = "<group>"; };
		9C668AA428AE5ACB001D6920 /* LeaderboardHeader.swift */ = {isa = PBXFileReference; lastKnownFileType = sourcecode.swift; path = LeaderboardHeader.swift; sourceTree = "<group>"; };
		9C668AA628AE5CC1001D6920 /* LeaderboardList.swift */ = {isa = PBXFileReference; lastKnownFileType = sourcecode.swift; path = LeaderboardList.swift; sourceTree = "<group>"; };
		9C668AA828AE5CE3001D6920 /* LeaderboardCell.swift */ = {isa = PBXFileReference; lastKnownFileType = sourcecode.swift; path = LeaderboardCell.swift; sourceTree = "<group>"; };
		9C668AAC28AE84C8001D6920 /* QuizDetailsView.swift */ = {isa = PBXFileReference; lastKnownFileType = sourcecode.swift; path = QuizDetailsView.swift; sourceTree = "<group>"; };
		9C668AAE28AE896C001D6920 /* DetailsView.swift */ = {isa = PBXFileReference; lastKnownFileType = sourcecode.swift; path = DetailsView.swift; sourceTree = "<group>"; };
		9C668AB328AE8F89001D6920 /* CenteredScrollView.swift */ = {isa = PBXFileReference; lastKnownFileType = sourcecode.swift; path = CenteredScrollView.swift; sourceTree = "<group>"; };
		9CADE93C28AD343500B04380 /* SettingsView.swift */ = {isa = PBXFileReference; lastKnownFileType = sourcecode.swift; path = SettingsView.swift; sourceTree = "<group>"; };
		9CC33B21287D6848002E9853 /* UserDatabaseDataSource.swift */ = {isa = PBXFileReference; lastKnownFileType = sourcecode.swift; path = UserDatabaseDataSource.swift; sourceTree = "<group>"; };
		9CC33B23287D6889002E9853 /* UserRepository.swift */ = {isa = PBXFileReference; lastKnownFileType = sourcecode.swift; path = UserRepository.swift; sourceTree = "<group>"; };
		9CC33B25287D6E2B002E9853 /* SecureStorage.swift */ = {isa = PBXFileReference; lastKnownFileType = sourcecode.swift; path = SecureStorage.swift; sourceTree = "<group>"; };
		9CC33B30287D9F59002E9853 /* CheckNetworkClient.swift */ = {isa = PBXFileReference; lastKnownFileType = sourcecode.swift; path = CheckNetworkClient.swift; sourceTree = "<group>"; };
		9CC33B32287DA19F002E9853 /* NetworkClient.swift */ = {isa = PBXFileReference; lastKnownFileType = sourcecode.swift; path = NetworkClient.swift; sourceTree = "<group>"; };
		9CC4D6D5287C10450061F149 /* LoginNetworkClient.swift */ = {isa = PBXFileReference; lastKnownFileType = sourcecode.swift; path = LoginNetworkClient.swift; sourceTree = "<group>"; };
		9CC4D6DC287C1C6B0061F149 /* RequestError.swift */ = {isa = PBXFileReference; lastKnownFileType = sourcecode.swift; path = RequestError.swift; sourceTree = "<group>"; };
		9CC4D6DF287C5A720061F149 /* AppDependencies.swift */ = {isa = PBXFileReference; lastKnownFileType = sourcecode.swift; path = AppDependencies.swift; sourceTree = "<group>"; };
		9CC4D6E1287C6AB30061F149 /* UserNetworkDataSource.swift */ = {isa = PBXFileReference; lastKnownFileType = sourcecode.swift; path = UserNetworkDataSource.swift; sourceTree = "<group>"; };
		9CC4D6E3287C6C8C0061F149 /* LoginUseCase.swift */ = {isa = PBXFileReference; lastKnownFileType = sourcecode.swift; path = LoginUseCase.swift; sourceTree = "<group>"; };
		9CC5FAE628B4D9AA0085254F /* QuestionView.swift */ = {isa = PBXFileReference; lastKnownFileType = sourcecode.swift; path = QuestionView.swift; sourceTree = "<group>"; };
		9CC5FAE828B4ED760085254F /* TabBarView.swift */ = {isa = PBXFileReference; lastKnownFileType = sourcecode.swift; path = TabBarView.swift; sourceTree = "<group>"; };
		9CDADEF728BE059000B6404B /* UIPilot.swift */ = {isa = PBXFileReference; lastKnownFileType = sourcecode.swift; path = UIPilot.swift; sourceTree = "<group>"; };
		9CDADEF928BE05CF00B6404B /* QuizSelectionView.swift */ = {isa = PBXFileReference; lastKnownFileType = sourcecode.swift; path = QuizSelectionView.swift; sourceTree = "<group>"; };
		9CDADEFB28BE0CE000B6404B /* SearchSelectionView.swift */ = {isa = PBXFileReference; lastKnownFileType = sourcecode.swift; path = SearchSelectionView.swift; sourceTree = "<group>"; };
		9CE188D028B7A1BB0034E07D /* ContentView.swift */ = {isa = PBXFileReference; lastKnownFileType = sourcecode.swift; path = ContentView.swift; sourceTree = "<group>"; };
		9CFCC2F32885532A00B01343 /* QuizViewModel.swift */ = {isa = PBXFileReference; lastKnownFileType = sourcecode.swift; path = QuizViewModel.swift; sourceTree = "<group>"; };
		9CFCC2F72885547600B01343 /* QuizModels.swift */ = {isa = PBXFileReference; lastKnownFileType = sourcecode.swift; path = QuizModels.swift; sourceTree = "<group>"; };
		9CFCC2FD2885871000B01343 /* QuizUseCase.swift */ = {isa = PBXFileReference; lastKnownFileType = sourcecode.swift; path = QuizUseCase.swift; sourceTree = "<group>"; };
		9CFCC2FF28858A1E00B01343 /* QuizNetworkClient.swift */ = {isa = PBXFileReference; lastKnownFileType = sourcecode.swift; path = QuizNetworkClient.swift; sourceTree = "<group>"; };
/* End PBXFileReference section */

/* Begin PBXFrameworksBuildPhase section */
		9C195364287584750051CEC6 /* Frameworks */ = {
			isa = PBXFrameworksBuildPhase;
			buildActionMask = 2147483647;
			files = (
				9C668AB228AE8BA1001D6920 /* SDWebImageSwiftUI in Frameworks */,
				9C25C89428882613000C4C90 /* SDWebImage in Frameworks */,
				9CC33B2B287D77E5002E9853 /* KeychainSwift in Frameworks */,
				9C4807EA288AE033002D097D /* Resolver in Frameworks */,
				9CDADEF628BE052C00B6404B /* UIPilot in Frameworks */,
				9C19538E2876CF720051CEC6 /* SnapKit in Frameworks */,
				9CE188D928B91EAB0034E07D /* LazyViewSwiftUI in Frameworks */,
			);
			runOnlyForDeploymentPostprocessing = 0;
		};
/* End PBXFrameworksBuildPhase section */

/* Begin PBXGroup section */
		9C0481E5288FFC880095247C /* SolvingQuiz */ = {
			isa = PBXGroup;
			children = (
				9C0481E8288FFD1B0095247C /* SolvingQuizViewModel.swift */,
				9C08B8612897C1C8001F56BD /* SolvingQuizModels.swift */,
				9C22EA8328B3BA7300F8E069 /* SolvingQuizView.swift */,
				9C22EA8528B3C01C00F8E069 /* ProgressView.swift */,
				9CC5FAE628B4D9AA0085254F /* QuestionView.swift */,
			);
			path = SolvingQuiz;
			sourceTree = "<group>";
		};
		9C08B869289819A3001F56BD /* Leaderboard */ = {
			isa = PBXGroup;
			children = (
				9C08B86C289819EB001F56BD /* LeaderboardViewModel.swift */,
				9C08B86E28981AA0001F56BD /* LeaderboardModels.swift */,
				9C668AA228AE5A5E001D6920 /* LeaderboardView.swift */,
				9C668AA428AE5ACB001D6920 /* LeaderboardHeader.swift */,
				9C668AA628AE5CC1001D6920 /* LeaderboardList.swift */,
				9C668AA828AE5CE3001D6920 /* LeaderboardCell.swift */,
			);
			path = Leaderboard;
			sourceTree = "<group>";
		};
		9C0D815028940B1B00C6D236 /* QuizResult */ = {
			isa = PBXGroup;
			children = (
				9C0D815328940D2C00C6D236 /* QuizResultViewModel.swift */,
				9C08B8632897D02C001F56BD /* QuizResultModels.swift */,
				9C22EA8128B3AE2F00F8E069 /* QuizResultView.swift */,
			);
			path = QuizResult;
			sourceTree = "<group>";
		};
		9C19535E287584750051CEC6 = {
			isa = PBXGroup;
			children = (
				9C195369287584750051CEC6 /* QuizApp */,
				9C195368287584750051CEC6 /* Products */,
			);
			sourceTree = "<group>";
		};
		9C195368287584750051CEC6 /* Products */ = {
			isa = PBXGroup;
			children = (
				9C195367287584750051CEC6 /* QuizApp.app */,
			);
			name = Products;
			sourceTree = "<group>";
		};
		9C195369287584750051CEC6 /* QuizApp */ = {
			isa = PBXGroup;
			children = (
				9C25C89F28883CDD000C4C90 /* Main */,
				9CC4D6E5287C70170061F149 /* UseCase */,
				9C25C88A2888109A000C4C90 /* Repositories */,
				9CC4D6DE287C552A0061F149 /* Network */,
				9C25C89728883C03000C4C90 /* DataSources */,
				9CC33B20287D6832002E9853 /* Util */,
				9C25C89528883B2D000C4C90 /* UI */,
				9C195373287584770051CEC6 /* Assets.xcassets */,
				9C195375287584770051CEC6 /* LaunchScreen.storyboard */,
				9C195378287584770051CEC6 /* Info.plist */,
			);
			path = QuizApp;
			sourceTree = "<group>";
		};
		9C19538F2876D03B0051CEC6 /* Login */ = {
			isa = PBXGroup;
			children = (
				9C1953AE287826BD0051CEC6 /* LoginViewModel.swift */,
				9C01635328ACDCFF004C7270 /* LoginView.swift */,
				9C01635728ACEA9D004C7270 /* UserInputView.swift */,
			);
			path = Login;
			sourceTree = "<group>";
		};
		9C1953A32876F9A70051CEC6 /* Fonts */ = {
			isa = PBXGroup;
			children = (
				9C1953A62876FB430051CEC6 /* SourceSansPro-Regular.ttf */,
				9C42E0C12881A74700B2B9FF /* SourceSansPro-Bold.ttf */,
				9C327E51289A9D49003787C0 /* SourceSansPro-SemiBold.ttf */,
			);
			path = Fonts;
			sourceTree = "<group>";
		};
		9C20BAC9287EEA06009378FB /* Quiz */ = {
			isa = PBXGroup;
			children = (
				9CFCC2F32885532A00B01343 /* QuizViewModel.swift */,
				9CFCC2F72885547600B01343 /* QuizModels.swift */,
				9C42E0C32881A9A100B2B9FF /* QuizView.swift */,
				9C22EA7E28B386DE00F8E069 /* CategorySlider.swift */,
			);
			path = Quiz;
			sourceTree = "<group>";
		};
		9C22EA8028B3A57D00F8E069 /* QuizList */ = {
			isa = PBXGroup;
			children = (
				9C42646528AFBEDD008D4C20 /* QuizListView.swift */,
				9C42646728AFBEFF008D4C20 /* QuizListCell.swift */,
				9C42646928AFBF23008D4C20 /* QuizListDifficultyView.swift */,
			);
			path = QuizList;
			sourceTree = "<group>";
		};
		9C25C88A2888109A000C4C90 /* Repositories */ = {
			isa = PBXGroup;
			children = (
				9C4807DD28899E9E002D097D /* RepoModels.swift */,
				9CC33B23287D6889002E9853 /* UserRepository.swift */,
				9C25C88B288810B5000C4C90 /* QuizRepository.swift */,
			);
			path = Repositories;
			sourceTree = "<group>";
		};
		9C25C89528883B2D000C4C90 /* UI */ = {
			isa = PBXGroup;
			children = (
				9C4807D52889443C002D097D /* Resources */,
				9CC33B37287DBD1F002E9853 /* Common */,
				9C4807D728894475002D097D /* Screens */,
			);
			path = UI;
			sourceTree = "<group>";
		};
		9C25C89628883BE1000C4C90 /* Clients */ = {
			isa = PBXGroup;
			children = (
				9C4807E12889A088002D097D /* NetworkModels.swift */,
				9CC4D6D5287C10450061F149 /* LoginNetworkClient.swift */,
				9CC33B30287D9F59002E9853 /* CheckNetworkClient.swift */,
				9C1C76D228803AA9006217A9 /* UserNetworkClient.swift */,
				9CFCC2FF28858A1E00B01343 /* QuizNetworkClient.swift */,
				9CC33B32287DA19F002E9853 /* NetworkClient.swift */,
			);
			path = Clients;
			sourceTree = "<group>";
		};
		9C25C89728883C03000C4C90 /* DataSources */ = {
			isa = PBXGroup;
			children = (
				9C4807DF28899EF7002D097D /* DataSourceModels.swift */,
				9CC33B21287D6848002E9853 /* UserDatabaseDataSource.swift */,
				9CC4D6E1287C6AB30061F149 /* UserNetworkDataSource.swift */,
				9C25C88D28881111000C4C90 /* QuizNetworkDataSource.swift */,
			);
			path = DataSources;
			sourceTree = "<group>";
		};
		9C25C89B28883C38000C4C90 /* Errors */ = {
			isa = PBXGroup;
			children = (
				9CC4D6DC287C1C6B0061F149 /* RequestError.swift */,
			);
			path = Errors;
			sourceTree = "<group>";
		};
		9C25C89E28883CBB000C4C90 /* Home */ = {
			isa = PBXGroup;
			children = (
				9C20BAC7287EE642009378FB /* TabBarController.swift */,
				9CC5FAE828B4ED760085254F /* TabBarView.swift */,
				9CDADEF928BE05CF00B6404B /* QuizSelectionView.swift */,
				9CDADEFB28BE0CE000B6404B /* SearchSelectionView.swift */,
			);
			path = Home;
			sourceTree = "<group>";
		};
		9C25C89F28883CDD000C4C90 /* Main */ = {
			isa = PBXGroup;
			children = (
				9C1953A8287716FE0051CEC6 /* ConstructViewsProtocol.swift */,
				9C19536A287584750051CEC6 /* AppDelegate.swift */,
				9CC4D6DF287C5A720061F149 /* AppDependencies.swift */,
				9C327E56289AC7CF003787C0 /* Combine+Extensions.swift */,
				9C327E58289ACBD0003787C0 /* UIControl+Extensions.swift */,
			);
			path = Main;
			sourceTree = "<group>";
		};
		9C4807D52889443C002D097D /* Resources */ = {
			isa = PBXGroup;
			children = (
				9C1953A32876F9A70051CEC6 /* Fonts */,
			);
			path = Resources;
			sourceTree = "<group>";
		};
		9C4807D728894475002D097D /* Screens */ = {
			isa = PBXGroup;
			children = (
				9CE188D028B7A1BB0034E07D /* ContentView.swift */,
				9C19538F2876D03B0051CEC6 /* Login */,
				9C25C89E28883CBB000C4C90 /* Home */,
				9C20BAC9287EEA06009378FB /* Quiz */,
				9CA94DF7288ECB560038315F /* QuizDetails */,
				9C08B869289819A3001F56BD /* Leaderboard */,
				9C0481E5288FFC880095247C /* SolvingQuiz */,
				9C0D815028940B1B00C6D236 /* QuizResult */,
				9CF3E368289BEC430058E30F /* Search */,
				9CC33B34287DBC97002E9853 /* User */,
			);
			path = Screens;
			sourceTree = "<group>";
		};
		9CA94DF7288ECB560038315F /* QuizDetails */ = {
			isa = PBXGroup;
			children = (
				9C5024D228912DE300B93FDB /* QuizDetailsViewModel.swift */,
				9C668AAC28AE84C8001D6920 /* QuizDetailsView.swift */,
				9C668AAE28AE896C001D6920 /* DetailsView.swift */,
			);
			path = QuizDetails;
			sourceTree = "<group>";
		};
		9CC33B20287D6832002E9853 /* Util */ = {
			isa = PBXGroup;
			children = (
				9CC33B25287D6E2B002E9853 /* SecureStorage.swift */,
			);
			path = Util;
			sourceTree = "<group>";
		};
		9CC33B34287DBC97002E9853 /* User */ = {
			isa = PBXGroup;
			children = (
				9C20BACF287EF1DB009378FB /* UserViewModel.swift */,
				9C25C8B12888428A000C4C90 /* UserModels.swift */,
				9CADE93C28AD343500B04380 /* SettingsView.swift */,
				9C668A9C28AE405D001D6920 /* UserInfoView.swift */,
			);
			path = User;
			sourceTree = "<group>";
		};
		9CC33B37287DBD1F002E9853 /* Common */ = {
			isa = PBXGroup;
			children = (
				9C22EA8028B3A57D00F8E069 /* QuizList */,
				9C5F21932886AFF5000C3511 /* Colors.swift */,
				9C327E4F289A7F31003787C0 /* Fonts.swift */,
				9C1953AA287725590051CEC6 /* TextFieldView.swift */,
				9C19539B2876F1ED0051CEC6 /* GradientView.swift */,
				9C20BAD5287F01AC009378FB /* CustomButton.swift */,
				9C4807E3288A996C002D097D /* ErrorView.swift */,
				9C01635528ACE1CC004C7270 /* GradientBackground.swift */,
				9C668AB328AE8F89001D6920 /* CenteredScrollView.swift */,
				9C01635928ACEB23004C7270 /* RoundedTextField.swift */,
				9C42645F28AF858F008D4C20 /* SwiftUI+Extensions.swift */,
				9C22EA8928B3D86600F8E069 /* UIKit+Extensions.swift */,
				9CDADEF728BE059000B6404B /* UIPilot.swift */,
			);
			path = Common;
			sourceTree = "<group>";
		};
		9CC4D6DE287C552A0061F149 /* Network */ = {
			isa = PBXGroup;
			children = (
				9C25C89628883BE1000C4C90 /* Clients */,
				9C25C89B28883C38000C4C90 /* Errors */,
			);
			path = Network;
			sourceTree = "<group>";
		};
		9CC4D6E5287C70170061F149 /* UseCase */ = {
			isa = PBXGroup;
			children = (
				9C4807DB28899E24002D097D /* UseCaseModels.swift */,
				9CC4D6E3287C6C8C0061F149 /* LoginUseCase.swift */,
				9C20BAD1287EF25D009378FB /* UserUseCase.swift */,
				9C20BAD7287F17F2009378FB /* LogOutUseCase.swift */,
				9CFCC2FD2885871000B01343 /* QuizUseCase.swift */,
				9C0481E1288FEFFD0095247C /* SolvingQuizUseCase.swift */,
				9C08B86728981775001F56BD /* LeaderboardUseCase.swift */,
			);
			path = UseCase;
			sourceTree = "<group>";
		};
		9CF3E368289BEC430058E30F /* Search */ = {
			isa = PBXGroup;
			children = (
				9C030BDD289BF3AF001F1182 /* SearchViewModel.swift */,
				9C42646328AFA74D008D4C20 /* SearchView.swift */,
				9C030BDB289BEDE4001F1182 /* SearchBar.swift */,
			);
			path = Search;
			sourceTree = "<group>";
		};
/* End PBXGroup section */

/* Begin PBXNativeTarget section */
		9C195366287584750051CEC6 /* QuizApp */ = {
			isa = PBXNativeTarget;
			buildConfigurationList = 9C19537B287584770051CEC6 /* Build configuration list for PBXNativeTarget "QuizApp" */;
			buildPhases = (
				9C195363287584750051CEC6 /* Sources */,
				9C195364287584750051CEC6 /* Frameworks */,
				9C195365287584750051CEC6 /* Resources */,
				9C19538B2875D7B30051CEC6 /* ShellScript */,
			);
			buildRules = (
			);
			dependencies = (
			);
			name = QuizApp;
			packageProductDependencies = (
				9C19538D2876CF720051CEC6 /* SnapKit */,
				9CC33B2A287D77E5002E9853 /* KeychainSwift */,
				9C25C89328882613000C4C90 /* SDWebImage */,
				9C4807E9288AE033002D097D /* Resolver */,
				9C668AB128AE8BA1001D6920 /* SDWebImageSwiftUI */,
				9CE188D828B91EAB0034E07D /* LazyViewSwiftUI */,
				9CDADEF528BE052C00B6404B /* UIPilot */,
			);
			productName = QuizApp;
			productReference = 9C195367287584750051CEC6 /* QuizApp.app */;
			productType = "com.apple.product-type.application";
		};
/* End PBXNativeTarget section */

/* Begin PBXProject section */
		9C19535F287584750051CEC6 /* Project object */ = {
			isa = PBXProject;
			attributes = {
				BuildIndependentTargetsInParallel = 1;
				LastSwiftUpdateCheck = 1340;
				LastUpgradeCheck = 1340;
				TargetAttributes = {
					9C195366287584750051CEC6 = {
						CreatedOnToolsVersion = 13.4.1;
					};
				};
			};
			buildConfigurationList = 9C195362287584750051CEC6 /* Build configuration list for PBXProject "QuizApp" */;
			compatibilityVersion = "Xcode 13.0";
			developmentRegion = en;
			hasScannedForEncodings = 0;
			knownRegions = (
				en,
				Base,
			);
			mainGroup = 9C19535E287584750051CEC6;
			packageReferences = (
				9C19538C2876CF720051CEC6 /* XCRemoteSwiftPackageReference "SnapKit" */,
				9CC33B29287D77E5002E9853 /* XCRemoteSwiftPackageReference "keychain-swift" */,
				9C25C89228882613000C4C90 /* XCRemoteSwiftPackageReference "SDWebImage" */,
				9C4807E8288AE033002D097D /* XCRemoteSwiftPackageReference "Resolver" */,
				9C668AB028AE8BA1001D6920 /* XCRemoteSwiftPackageReference "SDWebImageSwiftUI" */,
				9CE188D728B91EAB0034E07D /* XCRemoteSwiftPackageReference "Lazy-View-SwiftUI" */,
				9CDADEF428BE052C00B6404B /* XCRemoteSwiftPackageReference "UIPilot" */,
			);
			productRefGroup = 9C195368287584750051CEC6 /* Products */;
			projectDirPath = "";
			projectRoot = "";
			targets = (
				9C195366287584750051CEC6 /* QuizApp */,
			);
		};
/* End PBXProject section */

/* Begin PBXResourcesBuildPhase section */
		9C195365287584750051CEC6 /* Resources */ = {
			isa = PBXResourcesBuildPhase;
			buildActionMask = 2147483647;
			files = (
				9C327E55289AC6A4003787C0 /* SourceSansPro-Bold.ttf in Resources */,
				9C327E52289A9D8C003787C0 /* SourceSansPro-SemiBold.ttf in Resources */,
				9C1953A72876FB6A0051CEC6 /* SourceSansPro-Regular.ttf in Resources */,
				9C195377287584770051CEC6 /* LaunchScreen.storyboard in Resources */,
				9C195374287584770051CEC6 /* Assets.xcassets in Resources */,
			);
			runOnlyForDeploymentPostprocessing = 0;
		};
/* End PBXResourcesBuildPhase section */

/* Begin PBXShellScriptBuildPhase section */
		9C19538B2875D7B30051CEC6 /* ShellScript */ = {
			isa = PBXShellScriptBuildPhase;
			buildActionMask = 2147483647;
			files = (
			);
			inputFileListPaths = (
			);
			inputPaths = (
			);
			outputFileListPaths = (
			);
			outputPaths = (
			);
			runOnlyForDeploymentPostprocessing = 0;
			shellPath = /bin/sh;
			shellScript = "export PATH=\"$PATH:/opt/homebrew/bin\"\nif which swiftlint > /dev/null; then\n  swiftlint\nelse\n  echo \"warning: SwiftLint not installed, download from https://github.com/realm/SwiftLint\"\nfi\n";
		};
/* End PBXShellScriptBuildPhase section */

/* Begin PBXSourcesBuildPhase section */
		9C195363287584750051CEC6 /* Sources */ = {
			isa = PBXSourcesBuildPhase;
			buildActionMask = 2147483647;
			files = (
				9C20BAD8287F17F2009378FB /* LogOutUseCase.swift in Sources */,
				9C42646028AF858F008D4C20 /* SwiftUI+Extensions.swift in Sources */,
				9C668AAF28AE896C001D6920 /* DetailsView.swift in Sources */,
				9C5024D328912DE300B93FDB /* QuizDetailsViewModel.swift in Sources */,
				9C030BDE289BF3AF001F1182 /* SearchViewModel.swift in Sources */,
				9C030BDC289BEDE4001F1182 /* SearchBar.swift in Sources */,
				9CC5FAE928B4ED760085254F /* TabBarView.swift in Sources */,
				9CFCC2FE2885871000B01343 /* QuizUseCase.swift in Sources */,
				9C668A9D28AE405D001D6920 /* UserInfoView.swift in Sources */,
				9C4807DE28899E9E002D097D /* RepoModels.swift in Sources */,
				9C22EA8428B3BA7300F8E069 /* SolvingQuizView.swift in Sources */,
				9CC4D6E4287C6C8C0061F149 /* LoginUseCase.swift in Sources */,
				9C20BAD6287F01AC009378FB /* CustomButton.swift in Sources */,
				9CC33B33287DA19F002E9853 /* NetworkClient.swift in Sources */,
				9C668AA328AE5A5E001D6920 /* LeaderboardView.swift in Sources */,
				9C0D815428940D2C00C6D236 /* QuizResultViewModel.swift in Sources */,
				9C327E50289A7F31003787C0 /* Fonts.swift in Sources */,
				9C668AA928AE5CE3001D6920 /* LeaderboardCell.swift in Sources */,
				9C1953AB287725590051CEC6 /* TextFieldView.swift in Sources */,
				9C08B8622897C1C8001F56BD /* SolvingQuizModels.swift in Sources */,
				9C25C88E28881111000C4C90 /* QuizNetworkDataSource.swift in Sources */,
				9CC4D6E0287C5A720061F149 /* AppDependencies.swift in Sources */,
				9C4807DC28899E24002D097D /* UseCaseModels.swift in Sources */,
				9CE188D128B7A1BB0034E07D /* ContentView.swift in Sources */,
				9C22EA8A28B3D86600F8E069 /* UIKit+Extensions.swift in Sources */,
				9C20BAD2287EF25D009378FB /* UserUseCase.swift in Sources */,
				9CFCC30028858A1E00B01343 /* QuizNetworkClient.swift in Sources */,
				9C19539C2876F1ED0051CEC6 /* GradientView.swift in Sources */,
				9C19536B287584750051CEC6 /* AppDelegate.swift in Sources */,
				9C1C76D328803AA9006217A9 /* UserNetworkClient.swift in Sources */,
				9C08B8642897D02C001F56BD /* QuizResultModels.swift in Sources */,
				9C20BAC8287EE642009378FB /* TabBarController.swift in Sources */,
				9C42E0C42881A9A100B2B9FF /* QuizView.swift in Sources */,
				9CC5FAE728B4D9AA0085254F /* QuestionView.swift in Sources */,
				9CC4D6D6287C10450061F149 /* LoginNetworkClient.swift in Sources */,
				9C4807E028899EF7002D097D /* DataSourceModels.swift in Sources */,
				9CC4D6E2287C6AB30061F149 /* UserNetworkDataSource.swift in Sources */,
				9C4807E22889A088002D097D /* NetworkModels.swift in Sources */,
				9CDADEF828BE059000B6404B /* UIPilot.swift in Sources */,
				9C01635628ACE1CC004C7270 /* GradientBackground.swift in Sources */,
				9CC33B22287D6848002E9853 /* UserDatabaseDataSource.swift in Sources */,
				9C08B86828981775001F56BD /* LeaderboardUseCase.swift in Sources */,
				9C1953A9287716FE0051CEC6 /* ConstructViewsProtocol.swift in Sources */,
				9C42646428AFA74D008D4C20 /* SearchView.swift in Sources */,
				9CC4D6DD287C1C6B0061F149 /* RequestError.swift in Sources */,
				9CDADEFA28BE05CF00B6404B /* QuizSelectionView.swift in Sources */,
				9C4807E4288A996D002D097D /* ErrorView.swift in Sources */,
				9C668AAD28AE84C8001D6920 /* QuizDetailsView.swift in Sources */,
				9CADE93D28AD343500B04380 /* SettingsView.swift in Sources */,
				9CC33B31287D9F59002E9853 /* CheckNetworkClient.swift in Sources */,
				9C01635A28ACEB23004C7270 /* RoundedTextField.swift in Sources */,
				9C42646628AFBEDD008D4C20 /* QuizListView.swift in Sources */,
				9C327E59289ACBD0003787C0 /* UIControl+Extensions.swift in Sources */,
				9C25C88C288810B5000C4C90 /* QuizRepository.swift in Sources */,
				9CC33B24287D6889002E9853 /* UserRepository.swift in Sources */,
				9C25C8B22888428A000C4C90 /* UserModels.swift in Sources */,
				9C42646A28AFBF23008D4C20 /* QuizListDifficultyView.swift in Sources */,
				9CDADEFC28BE0CE000B6404B /* SearchSelectionView.swift in Sources */,
				9CFCC2F42885532A00B01343 /* QuizViewModel.swift in Sources */,
				9C22EA8228B3AE2F00F8E069 /* QuizResultView.swift in Sources */,
				9C0481E2288FEFFD0095247C /* SolvingQuizUseCase.swift in Sources */,
				9C668AA528AE5ACB001D6920 /* LeaderboardHeader.swift in Sources */,
				9CC33B26287D6E2B002E9853 /* SecureStorage.swift in Sources */,
				9C22EA8628B3C01C00F8E069 /* ProgressView.swift in Sources */,
				9C08B86F28981AA0001F56BD /* LeaderboardModels.swift in Sources */,
				9C42646828AFBEFF008D4C20 /* QuizListCell.swift in Sources */,
				9C01635428ACDCFF004C7270 /* LoginView.swift in Sources */,
				9C0481E9288FFD1B0095247C /* SolvingQuizViewModel.swift in Sources */,
				9C327E57289AC7CF003787C0 /* Combine+Extensions.swift in Sources */,
				9C5F21942886AFF5000C3511 /* Colors.swift in Sources */,
				9C08B86D289819EB001F56BD /* LeaderboardViewModel.swift in Sources */,
				9C22EA7F28B386DE00F8E069 /* CategorySlider.swift in Sources */,
				9C668AB428AE8F89001D6920 /* CenteredScrollView.swift in Sources */,
				9C01635828ACEA9D004C7270 /* UserInputView.swift in Sources */,
				9CFCC2F82885547600B01343 /* QuizModels.swift in Sources */,
				9C668AA728AE5CC1001D6920 /* LeaderboardList.swift in Sources */,
				9C20BAD0287EF1DB009378FB /* UserViewModel.swift in Sources */,
				9C1953AF287826BD0051CEC6 /* LoginViewModel.swift in Sources */,
			);
			runOnlyForDeploymentPostprocessing = 0;
		};
/* End PBXSourcesBuildPhase section */

/* Begin PBXVariantGroup section */
		9C195375287584770051CEC6 /* LaunchScreen.storyboard */ = {
			isa = PBXVariantGroup;
			children = (
				9C195376287584770051CEC6 /* Base */,
			);
			name = LaunchScreen.storyboard;
			sourceTree = "<group>";
		};
/* End PBXVariantGroup section */

/* Begin XCBuildConfiguration section */
		9C195379287584770051CEC6 /* Debug */ = {
			isa = XCBuildConfiguration;
			buildSettings = {
				ALWAYS_SEARCH_USER_PATHS = NO;
				CLANG_ANALYZER_NONNULL = YES;
				CLANG_ANALYZER_NUMBER_OBJECT_CONVERSION = YES_AGGRESSIVE;
				CLANG_CXX_LANGUAGE_STANDARD = "gnu++17";
				CLANG_ENABLE_MODULES = YES;
				CLANG_ENABLE_OBJC_ARC = YES;
				CLANG_ENABLE_OBJC_WEAK = YES;
				CLANG_WARN_BLOCK_CAPTURE_AUTORELEASING = YES;
				CLANG_WARN_BOOL_CONVERSION = YES;
				CLANG_WARN_COMMA = YES;
				CLANG_WARN_CONSTANT_CONVERSION = YES;
				CLANG_WARN_DEPRECATED_OBJC_IMPLEMENTATIONS = YES;
				CLANG_WARN_DIRECT_OBJC_ISA_USAGE = YES_ERROR;
				CLANG_WARN_DOCUMENTATION_COMMENTS = YES;
				CLANG_WARN_EMPTY_BODY = YES;
				CLANG_WARN_ENUM_CONVERSION = YES;
				CLANG_WARN_INFINITE_RECURSION = YES;
				CLANG_WARN_INT_CONVERSION = YES;
				CLANG_WARN_NON_LITERAL_NULL_CONVERSION = YES;
				CLANG_WARN_OBJC_IMPLICIT_RETAIN_SELF = YES;
				CLANG_WARN_OBJC_LITERAL_CONVERSION = YES;
				CLANG_WARN_OBJC_ROOT_CLASS = YES_ERROR;
				CLANG_WARN_QUOTED_INCLUDE_IN_FRAMEWORK_HEADER = YES;
				CLANG_WARN_RANGE_LOOP_ANALYSIS = YES;
				CLANG_WARN_STRICT_PROTOTYPES = YES;
				CLANG_WARN_SUSPICIOUS_MOVE = YES;
				CLANG_WARN_UNGUARDED_AVAILABILITY = YES_AGGRESSIVE;
				CLANG_WARN_UNREACHABLE_CODE = YES;
				CLANG_WARN__DUPLICATE_METHOD_MATCH = YES;
				COPY_PHASE_STRIP = NO;
				DEBUG_INFORMATION_FORMAT = dwarf;
				ENABLE_STRICT_OBJC_MSGSEND = YES;
				ENABLE_TESTABILITY = YES;
				GCC_C_LANGUAGE_STANDARD = gnu11;
				GCC_DYNAMIC_NO_PIC = NO;
				GCC_NO_COMMON_BLOCKS = YES;
				GCC_OPTIMIZATION_LEVEL = 0;
				GCC_PREPROCESSOR_DEFINITIONS = (
					"DEBUG=1",
					"$(inherited)",
				);
				GCC_WARN_64_TO_32_BIT_CONVERSION = YES;
				GCC_WARN_ABOUT_RETURN_TYPE = YES_ERROR;
				GCC_WARN_UNDECLARED_SELECTOR = YES;
				GCC_WARN_UNINITIALIZED_AUTOS = YES_AGGRESSIVE;
				GCC_WARN_UNUSED_FUNCTION = YES;
				GCC_WARN_UNUSED_VARIABLE = YES;
				IPHONEOS_DEPLOYMENT_TARGET = 15.0;
				MTL_ENABLE_DEBUG_INFO = INCLUDE_SOURCE;
				MTL_FAST_MATH = YES;
				ONLY_ACTIVE_ARCH = YES;
				SDKROOT = iphoneos;
				SWIFT_ACTIVE_COMPILATION_CONDITIONS = DEBUG;
				SWIFT_OPTIMIZATION_LEVEL = "-Onone";
			};
			name = Debug;
		};
		9C19537A287584770051CEC6 /* Release */ = {
			isa = XCBuildConfiguration;
			buildSettings = {
				ALWAYS_SEARCH_USER_PATHS = NO;
				CLANG_ANALYZER_NONNULL = YES;
				CLANG_ANALYZER_NUMBER_OBJECT_CONVERSION = YES_AGGRESSIVE;
				CLANG_CXX_LANGUAGE_STANDARD = "gnu++17";
				CLANG_ENABLE_MODULES = YES;
				CLANG_ENABLE_OBJC_ARC = YES;
				CLANG_ENABLE_OBJC_WEAK = YES;
				CLANG_WARN_BLOCK_CAPTURE_AUTORELEASING = YES;
				CLANG_WARN_BOOL_CONVERSION = YES;
				CLANG_WARN_COMMA = YES;
				CLANG_WARN_CONSTANT_CONVERSION = YES;
				CLANG_WARN_DEPRECATED_OBJC_IMPLEMENTATIONS = YES;
				CLANG_WARN_DIRECT_OBJC_ISA_USAGE = YES_ERROR;
				CLANG_WARN_DOCUMENTATION_COMMENTS = YES;
				CLANG_WARN_EMPTY_BODY = YES;
				CLANG_WARN_ENUM_CONVERSION = YES;
				CLANG_WARN_INFINITE_RECURSION = YES;
				CLANG_WARN_INT_CONVERSION = YES;
				CLANG_WARN_NON_LITERAL_NULL_CONVERSION = YES;
				CLANG_WARN_OBJC_IMPLICIT_RETAIN_SELF = YES;
				CLANG_WARN_OBJC_LITERAL_CONVERSION = YES;
				CLANG_WARN_OBJC_ROOT_CLASS = YES_ERROR;
				CLANG_WARN_QUOTED_INCLUDE_IN_FRAMEWORK_HEADER = YES;
				CLANG_WARN_RANGE_LOOP_ANALYSIS = YES;
				CLANG_WARN_STRICT_PROTOTYPES = YES;
				CLANG_WARN_SUSPICIOUS_MOVE = YES;
				CLANG_WARN_UNGUARDED_AVAILABILITY = YES_AGGRESSIVE;
				CLANG_WARN_UNREACHABLE_CODE = YES;
				CLANG_WARN__DUPLICATE_METHOD_MATCH = YES;
				COPY_PHASE_STRIP = NO;
				DEBUG_INFORMATION_FORMAT = "dwarf-with-dsym";
				ENABLE_NS_ASSERTIONS = NO;
				ENABLE_STRICT_OBJC_MSGSEND = YES;
				GCC_C_LANGUAGE_STANDARD = gnu11;
				GCC_NO_COMMON_BLOCKS = YES;
				GCC_WARN_64_TO_32_BIT_CONVERSION = YES;
				GCC_WARN_ABOUT_RETURN_TYPE = YES_ERROR;
				GCC_WARN_UNDECLARED_SELECTOR = YES;
				GCC_WARN_UNINITIALIZED_AUTOS = YES_AGGRESSIVE;
				GCC_WARN_UNUSED_FUNCTION = YES;
				GCC_WARN_UNUSED_VARIABLE = YES;
				IPHONEOS_DEPLOYMENT_TARGET = 15.0;
				MTL_ENABLE_DEBUG_INFO = NO;
				MTL_FAST_MATH = YES;
				SDKROOT = iphoneos;
				SWIFT_COMPILATION_MODE = wholemodule;
				SWIFT_OPTIMIZATION_LEVEL = "-O";
				VALIDATE_PRODUCT = YES;
			};
			name = Release;
		};
		9C19537C287584770051CEC6 /* Debug */ = {
			isa = XCBuildConfiguration;
			buildSettings = {
				ASSETCATALOG_COMPILER_APPICON_NAME = AppIcon;
				ASSETCATALOG_COMPILER_GLOBAL_ACCENT_COLOR_NAME = AccentColor;
				CODE_SIGN_STYLE = Automatic;
				CURRENT_PROJECT_VERSION = 1;
				DEVELOPMENT_TEAM = AWWVAQ2M2R;
				GENERATE_INFOPLIST_FILE = YES;
				INFOPLIST_FILE = QuizApp/Info.plist;
				INFOPLIST_KEY_UIApplicationSupportsIndirectInputEvents = YES;
				INFOPLIST_KEY_UILaunchStoryboardName = LaunchScreen;
				INFOPLIST_KEY_UISupportedInterfaceOrientations_iPad = "UIInterfaceOrientationPortrait UIInterfaceOrientationPortraitUpsideDown UIInterfaceOrientationLandscapeLeft UIInterfaceOrientationLandscapeRight";
				INFOPLIST_KEY_UISupportedInterfaceOrientations_iPhone = "UIInterfaceOrientationPortrait UIInterfaceOrientationLandscapeLeft UIInterfaceOrientationLandscapeRight";
				LD_RUNPATH_SEARCH_PATHS = (
					"$(inherited)",
					"@executable_path/Frameworks",
				);
				MARKETING_VERSION = 1.0;
				PRODUCT_BUNDLE_IDENTIFIER = five.agency.markelic.marin.QuizApp;
				PRODUCT_NAME = "$(TARGET_NAME)";
				SWIFT_EMIT_LOC_STRINGS = YES;
				SWIFT_VERSION = 5.0;
				TARGETED_DEVICE_FAMILY = "1,2";
			};
			name = Debug;
		};
		9C19537D287584770051CEC6 /* Release */ = {
			isa = XCBuildConfiguration;
			buildSettings = {
				ASSETCATALOG_COMPILER_APPICON_NAME = AppIcon;
				ASSETCATALOG_COMPILER_GLOBAL_ACCENT_COLOR_NAME = AccentColor;
				CODE_SIGN_STYLE = Automatic;
				CURRENT_PROJECT_VERSION = 1;
				DEVELOPMENT_TEAM = AWWVAQ2M2R;
				GENERATE_INFOPLIST_FILE = YES;
				INFOPLIST_FILE = QuizApp/Info.plist;
				INFOPLIST_KEY_UIApplicationSupportsIndirectInputEvents = YES;
				INFOPLIST_KEY_UILaunchStoryboardName = LaunchScreen;
				INFOPLIST_KEY_UISupportedInterfaceOrientations_iPad = "UIInterfaceOrientationPortrait UIInterfaceOrientationPortraitUpsideDown UIInterfaceOrientationLandscapeLeft UIInterfaceOrientationLandscapeRight";
				INFOPLIST_KEY_UISupportedInterfaceOrientations_iPhone = "UIInterfaceOrientationPortrait UIInterfaceOrientationLandscapeLeft UIInterfaceOrientationLandscapeRight";
				LD_RUNPATH_SEARCH_PATHS = (
					"$(inherited)",
					"@executable_path/Frameworks",
				);
				MARKETING_VERSION = 1.0;
				PRODUCT_BUNDLE_IDENTIFIER = five.agency.markelic.marin.QuizApp;
				PRODUCT_NAME = "$(TARGET_NAME)";
				SWIFT_EMIT_LOC_STRINGS = YES;
				SWIFT_VERSION = 5.0;
				TARGETED_DEVICE_FAMILY = "1,2";
			};
			name = Release;
		};
/* End XCBuildConfiguration section */

/* Begin XCConfigurationList section */
		9C195362287584750051CEC6 /* Build configuration list for PBXProject "QuizApp" */ = {
			isa = XCConfigurationList;
			buildConfigurations = (
				9C195379287584770051CEC6 /* Debug */,
				9C19537A287584770051CEC6 /* Release */,
			);
			defaultConfigurationIsVisible = 0;
			defaultConfigurationName = Release;
		};
		9C19537B287584770051CEC6 /* Build configuration list for PBXNativeTarget "QuizApp" */ = {
			isa = XCConfigurationList;
			buildConfigurations = (
				9C19537C287584770051CEC6 /* Debug */,
				9C19537D287584770051CEC6 /* Release */,
			);
			defaultConfigurationIsVisible = 0;
			defaultConfigurationName = Release;
		};
/* End XCConfigurationList section */

/* Begin XCRemoteSwiftPackageReference section */
		9C19538C2876CF720051CEC6 /* XCRemoteSwiftPackageReference "SnapKit" */ = {
			isa = XCRemoteSwiftPackageReference;
			repositoryURL = "https://github.com/SnapKit/SnapKit.git";
			requirement = {
				kind = upToNextMajorVersion;
				minimumVersion = 5.0.0;
			};
		};
		9C25C89228882613000C4C90 /* XCRemoteSwiftPackageReference "SDWebImage" */ = {
			isa = XCRemoteSwiftPackageReference;
			repositoryURL = "https://github.com/SDWebImage/SDWebImage.git";
			requirement = {
				kind = upToNextMajorVersion;
				minimumVersion = 5.0.0;
			};
		};
		9C4807E8288AE033002D097D /* XCRemoteSwiftPackageReference "Resolver" */ = {
			isa = XCRemoteSwiftPackageReference;
			repositoryURL = "https://github.com/hmlongco/Resolver";
			requirement = {
				kind = upToNextMajorVersion;
				minimumVersion = 1.0.0;
			};
		};
		9C668AB028AE8BA1001D6920 /* XCRemoteSwiftPackageReference "SDWebImageSwiftUI" */ = {
			isa = XCRemoteSwiftPackageReference;
			repositoryURL = "https://github.com/SDWebImage/SDWebImageSwiftUI";
			requirement = {
				kind = upToNextMajorVersion;
				minimumVersion = 2.0.0;
			};
		};
		9CC33B29287D77E5002E9853 /* XCRemoteSwiftPackageReference "keychain-swift" */ = {
			isa = XCRemoteSwiftPackageReference;
			repositoryURL = "https://github.com/evgenyneu/keychain-swift";
			requirement = {
				branch = master;
				kind = branch;
			};
		};
		9CDADEF428BE052C00B6404B /* XCRemoteSwiftPackageReference "UIPilot" */ = {
			isa = XCRemoteSwiftPackageReference;
			repositoryURL = "https://github.com/canopas/UIPilot";
			requirement = {
				kind = upToNextMajorVersion;
				minimumVersion = 1.0.0;
			};
		};
		9CE188D728B91EAB0034E07D /* XCRemoteSwiftPackageReference "Lazy-View-SwiftUI" */ = {
			isa = XCRemoteSwiftPackageReference;
			repositoryURL = "https://github.com/joehinkle11/Lazy-View-SwiftUI";
			requirement = {
				branch = master;
				kind = branch;
			};
		};
/* End XCRemoteSwiftPackageReference section */

/* Begin XCSwiftPackageProductDependency section */
		9C19538D2876CF720051CEC6 /* SnapKit */ = {
			isa = XCSwiftPackageProductDependency;
			package = 9C19538C2876CF720051CEC6 /* XCRemoteSwiftPackageReference "SnapKit" */;
			productName = SnapKit;
		};
		9C25C89328882613000C4C90 /* SDWebImage */ = {
			isa = XCSwiftPackageProductDependency;
			package = 9C25C89228882613000C4C90 /* XCRemoteSwiftPackageReference "SDWebImage" */;
			productName = SDWebImage;
		};
		9C4807E9288AE033002D097D /* Resolver */ = {
			isa = XCSwiftPackageProductDependency;
			package = 9C4807E8288AE033002D097D /* XCRemoteSwiftPackageReference "Resolver" */;
			productName = Resolver;
		};
		9C668AB128AE8BA1001D6920 /* SDWebImageSwiftUI */ = {
			isa = XCSwiftPackageProductDependency;
			package = 9C668AB028AE8BA1001D6920 /* XCRemoteSwiftPackageReference "SDWebImageSwiftUI" */;
			productName = SDWebImageSwiftUI;
		};
		9CC33B2A287D77E5002E9853 /* KeychainSwift */ = {
			isa = XCSwiftPackageProductDependency;
			package = 9CC33B29287D77E5002E9853 /* XCRemoteSwiftPackageReference "keychain-swift" */;
			productName = KeychainSwift;
		};
		9CDADEF528BE052C00B6404B /* UIPilot */ = {
			isa = XCSwiftPackageProductDependency;
			package = 9CDADEF428BE052C00B6404B /* XCRemoteSwiftPackageReference "UIPilot" */;
			productName = UIPilot;
		};
		9CE188D828B91EAB0034E07D /* LazyViewSwiftUI */ = {
			isa = XCSwiftPackageProductDependency;
			package = 9CE188D728B91EAB0034E07D /* XCRemoteSwiftPackageReference "Lazy-View-SwiftUI" */;
			productName = LazyViewSwiftUI;
		};
/* End XCSwiftPackageProductDependency section */
	};
	rootObject = 9C19535F287584750051CEC6 /* Project object */;
}
